PODS:
  - Alamofire (5.0.0-rc.2)
  - CocoaLumberjack/Core (3.5.3)
  - CocoaLumberjack/Swift (3.5.3):
    - CocoaLumberjack/Core
  - Crashlytics (3.14.0):
    - Fabric (~> 1.10.2)
  - Differentiator (4.0.1)
  - Fabric (1.10.2)
  - Firebase/Core (6.9.0):
    - Firebase/CoreOnly
    - FirebaseAnalytics (= 6.1.2)
  - Firebase/CoreOnly (6.9.0):
    - FirebaseCore (= 6.3.0)
  - Firebase/Messaging (6.9.0):
    - Firebase/CoreOnly
    - FirebaseMessaging (~> 4.1.4)
  - FirebaseAnalytics (6.1.2):
    - FirebaseCore (~> 6.3)
    - FirebaseInstanceID (~> 4.2)
    - GoogleAppMeasurement (= 6.1.2)
    - GoogleUtilities/AppDelegateSwizzler (~> 6.0)
    - GoogleUtilities/MethodSwizzler (~> 6.0)
    - GoogleUtilities/Network (~> 6.0)
    - "GoogleUtilities/NSData+zlib (~> 6.0)"
    - nanopb (~> 0.3)
  - FirebaseAnalyticsInterop (1.4.0)
  - FirebaseCore (6.3.0):
    - FirebaseCoreDiagnostics (~> 1.0)
    - FirebaseCoreDiagnosticsInterop (~> 1.0)
    - GoogleUtilities/Environment (~> 6.2)
    - GoogleUtilities/Logger (~> 6.2)
  - FirebaseCoreDiagnostics (1.1.0):
    - FirebaseCoreDiagnosticsInterop (~> 1.0)
    - GoogleDataTransportCCTSupport (~> 1.0)
    - GoogleUtilities/Environment (~> 6.2)
    - GoogleUtilities/Logger (~> 6.2)
  - FirebaseCoreDiagnosticsInterop (1.0.0)
  - FirebaseInstanceID (4.2.5):
    - FirebaseCore (~> 6.0)
    - GoogleUtilities/Environment (~> 6.0)
    - GoogleUtilities/UserDefaults (~> 6.0)
  - FirebaseMessaging (4.1.5):
    - FirebaseAnalyticsInterop (~> 1.3)
    - FirebaseCore (~> 6.2)
    - FirebaseInstanceID (~> 4.1)
    - GoogleUtilities/AppDelegateSwizzler (~> 6.2)
    - GoogleUtilities/Environment (~> 6.2)
    - GoogleUtilities/Reachability (~> 6.2)
    - GoogleUtilities/UserDefaults (~> 6.2)
    - Protobuf (~> 3.1)
  - GoogleAppMeasurement (6.1.2):
    - GoogleUtilities/AppDelegateSwizzler (~> 6.0)
    - GoogleUtilities/MethodSwizzler (~> 6.0)
    - GoogleUtilities/Network (~> 6.0)
    - "GoogleUtilities/NSData+zlib (~> 6.0)"
    - nanopb (~> 0.3)
  - GoogleDataTransport (2.0.0)
  - GoogleDataTransportCCTSupport (1.1.0):
    - GoogleDataTransport (~> 2.0)
    - nanopb
  - GoogleUtilities/AppDelegateSwizzler (6.3.0):
    - GoogleUtilities/Environment
    - GoogleUtilities/Logger
    - GoogleUtilities/Network
  - GoogleUtilities/Environment (6.3.0)
  - GoogleUtilities/Logger (6.3.0):
    - GoogleUtilities/Environment
  - GoogleUtilities/MethodSwizzler (6.3.0):
    - GoogleUtilities/Logger
  - GoogleUtilities/Network (6.3.0):
    - GoogleUtilities/Logger
    - "GoogleUtilities/NSData+zlib"
    - GoogleUtilities/Reachability
  - "GoogleUtilities/NSData+zlib (6.3.0)"
  - GoogleUtilities/Reachability (6.3.0):
    - GoogleUtilities/Logger
  - GoogleUtilities/UserDefaults (6.3.0):
    - GoogleUtilities/Logger
  - GRDB.swift (4.0.1):
    - GRDB.swift/standard (= 4.0.1)
  - GRDB.swift/standard (4.0.1)
  - HWIFileDownload (3.5)
  - L10n-swift (5.5.2):
    - L10n-swift/Core (= 5.5.2)
    - L10n-swift/Extension (= 5.5.2)
    - L10n-swift/IBInspectable (= 5.5.2)
  - L10n-swift/Core (5.5.2)
  - L10n-swift/Extension (5.5.2):
    - L10n-swift/Core
  - L10n-swift/IBInspectable (5.5.2):
    - L10n-swift/Core
  - Loaf (0.5.0)
  - MagazineLayout (1.5.0)
  - MarqueeLabel/Swift (3.2.1)
  - MBProgressHUD (1.0.0)
  - Moya/Core (14.0.0-beta.3):
    - Alamofire (= 5.0.0-rc.2)
  - Moya/RxSwift (14.0.0-beta.3):
    - Moya/Core
    - RxSwift (~> 5.0)
  - nanopb (0.3.901):
    - nanopb/decode (= 0.3.901)
    - nanopb/encode (= 0.3.901)
  - nanopb/decode (0.3.901)
  - nanopb/encode (0.3.901)
  - Protobuf (3.9.2)
  - RxCocoa (5.0.0):
    - RxRelay (~> 5)
    - RxSwift (~> 5)
  - RxDataSources (4.0.1):
    - Differentiator (~> 4.0)
    - RxCocoa (~> 5.0)
    - RxSwift (~> 5.0)
  - RxRelay (5.0.0):
    - RxSwift (~> 5)
  - RxSwift (5.0.0)
  - Starscream (3.1.0)
  - SwiftKeychainWrapper (3.4.0)
  - SwiftLint (0.35.0)
  - Swinject (2.7.1)
  - UICircularProgressRing (6.3.0)
  - XLActionController (5.0.1):
    - XLActionController/Core (= 5.0.1)
  - XLActionController/Core (5.0.1)

DEPENDENCIES:
  - Alamofire (~> 5.0.0-rc.1)
  - CocoaLumberjack/Swift
  - Crashlytics
  - Fabric
  - Firebase/Core
  - Firebase/Messaging
  - FirebaseInstanceID
  - GRDB.swift (~> 4.0.1)
  - HWIFileDownload
  - L10n-swift
  - Loaf
  - MagazineLayout
  - MarqueeLabel/Swift
  - MBProgressHUD (~> 1.0.0)
  - Moya/RxSwift (~> 14.0.0-beta.1)
  - RxCocoa
  - RxDataSources
  - RxSwift
  - Starscream
  - SwiftKeychainWrapper
  - SwiftLint
  - Swinject
  - UICircularProgressRing
  - XLActionController

SPEC REPOS:
  https://github.com/cocoapods/specs.git:
    - Alamofire
    - CocoaLumberjack
    - Crashlytics
    - Differentiator
    - Fabric
    - Firebase
    - FirebaseAnalytics
    - FirebaseAnalyticsInterop
    - FirebaseCore
    - FirebaseCoreDiagnostics
    - FirebaseCoreDiagnosticsInterop
    - FirebaseInstanceID
    - FirebaseMessaging
    - GoogleAppMeasurement
    - GoogleDataTransport
    - GoogleDataTransportCCTSupport
    - GoogleUtilities
    - GRDB.swift
    - HWIFileDownload
    - L10n-swift
    - Loaf
    - MagazineLayout
    - MarqueeLabel
    - MBProgressHUD
    - Moya
    - nanopb
    - Protobuf
    - RxCocoa
    - RxDataSources
    - RxRelay
    - RxSwift
    - Starscream
    - SwiftKeychainWrapper
    - SwiftLint
    - Swinject
    - UICircularProgressRing
    - XLActionController

SPEC CHECKSUMS:
  Alamofire: f9450d3c7f6bea2ad62e7a541c3e9b186c7991d6
  CocoaLumberjack: 2f44e60eb91c176d471fdba43b9e3eae6a721947
  Crashlytics: 540b7e5f5da5a042647227a5e3ac51d85eed06df
  Differentiator: 886080237d9f87f322641dedbc5be257061b0602
  Fabric: 706c8b8098fff96c33c0db69cbf81f9c551d0d74
  Firebase: 2d750c54cda57d5a6ae31212cfe5cc813c6be7e4
  FirebaseAnalytics: 5d9ccbf46ed25d3ec9304d263f85bddf1e93e2d2
  FirebaseAnalyticsInterop: d48b6ab67bcf016a05e55b71fc39c61c0cb6b7f3
  FirebaseCore: 8b2765c445d40db7137989b7146a3aa3f91b5529
  FirebaseCoreDiagnostics: be4f7a09d02ab305f18de59a470412caddb64c2a
  FirebaseCoreDiagnosticsInterop: 6829da2b8d1fc795ff1bd99df751d3788035d2cb
  FirebaseInstanceID: 550df9be1f99f751d8fcde3ac342a1e21a0e6c42
  FirebaseMessaging: b22b949cc45c14da01e60404dd7bffc78956380c
  GoogleAppMeasurement: 0ae90be1cc4dad40f4a27fc767ef59fa032ec87b
  GoogleDataTransport: c8617c00e4f3eb9418e42ac0e8ac5241a9d555dd
  GoogleDataTransportCCTSupport: 9f352523e8785a71f6754f51eeff09f49ec19268
  GoogleUtilities: 9c2c544202301110b29f7974a82e77fdcf12bf51
  GRDB.swift: 106a830decf1d92a3fc63c6d6a2f6586f6187297
  HWIFileDownload: 0f98b30f473f7448233124fd4a0e9d9cb674b99c
  L10n-swift: df60a7240564e3271a41f93dfbab9f4bfd49ac60
  Loaf: 0800b444431366bc395d54267975d4ad4ad5c99c
  MagazineLayout: fe41dc2cf1923e3bf377cd8d906a4455a0bf9c83
  MarqueeLabel: 2daf039bf916937c8a4c9adfc13577cc5e51b4ce
  MBProgressHUD: 4890f671c94e8a0f3cf959aa731e9de2f036d71a
  Moya: 1741bc26d2a3ad30f0410750868c7661fdd3b180
  nanopb: 2901f78ea1b7b4015c860c2fdd1ea2fee1a18d48
  Protobuf: 67fb42ba613def994e61854de2b3164f13790cc4
  RxCocoa: fcf32050ac00d801f34a7f71d5e8e7f23026dcd8
  RxDataSources: efee07fa4de48477eca0a4611e6d11e2da9c1114
  RxRelay: 4f7409406a51a55cd88483f21ed898c234d60f18
  RxSwift: 8b0671caa829a763bbce7271095859121cbd895f
  Starscream: 08172b481e145289c4930cb567230fb55897cfa4
  SwiftKeychainWrapper: 6fc49fbf7d4a6b0772917acb0e53a1639f6078d6
  SwiftLint: 5553187048b900c91aa03552807681bb6b027846
  Swinject: ddf78b8486dd9b71a667b852cad919ab4484478e
  UICircularProgressRing: e700fb0505328e88ee53c4ed92bee6d1a5b8bbe3
  XLActionController: ec9207228162569df1c90dccded2e88d0f39b2e7

PODFILE CHECKSUM: 42d4e70cec7e933f99817ce82fb03d4ccc5affa1

COCOAPODS: 1.6.1
