// !$*UTF8*$!
{
	archiveVersion = 1;
	classes = {
	};
	objectVersion = 46;
	objects = {

/* Begin PBXBuildFile section */
		08D033F70490F54B52DA4B70 /* Pods_RVGTests.framework in Frameworks */ = {isa = PBXBuildFile; fileRef = C2C9C993926A0B40630D8F6F /* Pods_RVGTests.framework */; };
		4C9E06C81EDBBF6800282247 /* ContactUsModel.swift in Sources */ = {isa = PBXBuildFile; fileRef = 4C9E06C71EDBBF6800282247 /* ContactUsModel.swift */; };
		4CD63DFB1ED4CBAD00C4E2EC /* SessionError.swift in Sources */ = {isa = PBXBuildFile; fileRef = 4CD63DFA1ED4CBAD00C4E2EC /* SessionError.swift */; };
		4CD63DFD1ED4D27600C4E2EC /* MediaChapterResponse.swift in Sources */ = {isa = PBXBuildFile; fileRef = 4CD63DFC1ED4D27600C4E2EC /* MediaChapterResponse.swift */; };
		4CD63DFF1ED4D29A00C4E2EC /* MediaChapter.swift in Sources */ = {isa = PBXBuildFile; fileRef = 4CD63DFE1ED4D29A00C4E2EC /* MediaChapter.swift */; };
		4CDD655B1EEB3DA400C59DD5 /* LoopView.swift in Sources */ = {isa = PBXBuildFile; fileRef = 4CDD655A1EEB3DA400C59DD5 /* LoopView.swift */; };
		4CDD655F1EEB423F00C59DD5 /* other-languages-sm.m4v in Resources */ = {isa = PBXBuildFile; fileRef = 4CDD655E1EEB423F00C59DD5 /* other-languages-sm.m4v */; };
		4CDD65611EEB42B600C59DD5 /* Looper.swift in Sources */ = {isa = PBXBuildFile; fileRef = 4CDD65601EEB42B600C59DD5 /* Looper.swift */; };
		4CDD65631EEB433600C59DD5 /* QueuePlayerLooper.swift in Sources */ = {isa = PBXBuildFile; fileRef = 4CDD65621EEB433600C59DD5 /* QueuePlayerLooper.swift */; };
		4CDD65731EEB7FE500C59DD5 /* MessageUI.framework in Frameworks */ = {isa = PBXBuildFile; fileRef = 4CDD65721EEB7FE500C59DD5 /* MessageUI.framework */; };
		4CF401E61ED3805700632272 /* BookCollectionViewCell.swift in Sources */ = {isa = PBXBuildFile; fileRef = 4CF401E41ED3805700632272 /* BookCollectionViewCell.swift */; };
		4CF401E71ED3805700632272 /* BookCollectionViewCell.xib in Resources */ = {isa = PBXBuildFile; fileRef = 4CF401E51ED3805700632272 /* BookCollectionViewCell.xib */; };
		4CF401EB1ED391F400632272 /* Device.swift in Sources */ = {isa = PBXBuildFile; fileRef = 4CF401EA1ED391F400632272 /* Device.swift */; };
		68121CB21ED7D12800273342 /* ChapterTableViewCell.swift in Sources */ = {isa = PBXBuildFile; fileRef = 68121CB01ED7D12800273342 /* ChapterTableViewCell.swift */; };
		68121CB31ED7D12800273342 /* ChapterTableViewCell.xib in Resources */ = {isa = PBXBuildFile; fileRef = 68121CB11ED7D12800273342 /* ChapterTableViewCell.xib */; };
		681E11791ED1098600B028DD /* BibleService.swift in Sources */ = {isa = PBXBuildFile; fileRef = 681E11781ED1098600B028DD /* BibleService.swift */; };
		681E117B1ED110CB00B028DD /* Environment.swift in Sources */ = {isa = PBXBuildFile; fileRef = 681E117A1ED110CB00B028DD /* Environment.swift */; };
		681E117D1ED1141100B028DD /* EnvironmentService.swift in Sources */ = {isa = PBXBuildFile; fileRef = 681E117C1ED1141100B028DD /* EnvironmentService.swift */; };
		681E117F1ED138DA00B028DD /* Book.swift in Sources */ = {isa = PBXBuildFile; fileRef = 681E117E1ED138DA00B028DD /* Book.swift */; };
		681E11811ED13B1400B028DD /* BookResponse.swift in Sources */ = {isa = PBXBuildFile; fileRef = 681E11801ED13B1400B028DD /* BookResponse.swift */; };
		683D5B881F1A7E3B0019ED0E /* EnvironmentUrlItemKey.swift in Sources */ = {isa = PBXBuildFile; fileRef = 683D5B871F1A7E3B0019ED0E /* EnvironmentUrlItemKey.swift */; };
		683D5B8A1F1A7ECA0019ED0E /* EnvironmentUrlItems.swift in Sources */ = {isa = PBXBuildFile; fileRef = 683D5B891F1A7ECA0019ED0E /* EnvironmentUrlItems.swift */; };
		6854EED71F01F649007BB502 /* AVFoundation.framework in Frameworks */ = {isa = PBXBuildFile; fileRef = 6854EED61F01F649007BB502 /* AVFoundation.framework */; };
		686233EC1EFF71FC0046D952 /* PlayerContainerViewController.swift in Sources */ = {isa = PBXBuildFile; fileRef = 686233E91EFF71FC0046D952 /* PlayerContainerViewController.swift */; };
		686233ED1EFF71FC0046D952 /* PlayerViewController.swift in Sources */ = {isa = PBXBuildFile; fileRef = 686233EA1EFF71FC0046D952 /* PlayerViewController.swift */; };
		686233EE1EFF71FC0046D952 /* PlaybackService.swift in Sources */ = {isa = PBXBuildFile; fileRef = 686233EB1EFF71FC0046D952 /* PlaybackService.swift */; };
		687BF6CF1EC00AE3002EDCC3 /* Localizable.strings in Resources */ = {isa = PBXBuildFile; fileRef = 687BF6CD1EC00AE3002EDCC3 /* Localizable.strings */; };
		687BF6DA1EC014B2002EDCC3 /* InfoPlist.strings in Resources */ = {isa = PBXBuildFile; fileRef = 687BF6D81EC014B2002EDCC3 /* InfoPlist.strings */; };
		687BF6DD1EC2BB5D002EDCC3 /* MainMenuFooterTableViewCell.swift in Sources */ = {isa = PBXBuildFile; fileRef = 687BF6DB1EC2BB5D002EDCC3 /* MainMenuFooterTableViewCell.swift */; };
		687BF6DE1EC2BB5D002EDCC3 /* MainMenuFooterTableViewCell.xib in Resources */ = {isa = PBXBuildFile; fileRef = 687BF6DC1EC2BB5D002EDCC3 /* MainMenuFooterTableViewCell.xib */; };
		689880511F147B5900CC2BC5 /* Playable.swift in Sources */ = {isa = PBXBuildFile; fileRef = 689880501F147B5900CC2BC5 /* Playable.swift */; };
		689880541F15A9F900CC2BC5 /* MediaMusicTableViewCell.swift in Sources */ = {isa = PBXBuildFile; fileRef = 689880521F15A9F900CC2BC5 /* MediaMusicTableViewCell.swift */; };
		689880551F15A9F900CC2BC5 /* MediaMusicTableViewCell.xib in Resources */ = {isa = PBXBuildFile; fileRef = 689880531F15A9F900CC2BC5 /* MediaMusicTableViewCell.xib */; };
		689880571F16F52600CC2BC5 /* MediaPlayer.framework in Frameworks */ = {isa = PBXBuildFile; fileRef = 689880561F16F52600CC2BC5 /* MediaPlayer.framework */; };
		6899CFB01EE0E5320083751A /* OtherLanguagesViewController.swift in Sources */ = {isa = PBXBuildFile; fileRef = 6899CFAF1EE0E5320083751A /* OtherLanguagesViewController.swift */; };
		689A05451ED27A9E00D3232D /* Bible.swift in Sources */ = {isa = PBXBuildFile; fileRef = 689A05441ED27A9E00D3232D /* Bible.swift */; };
		689E7B171F1468B00022FFC5 /* MediaMusicViewController.swift in Sources */ = {isa = PBXBuildFile; fileRef = 689E7B161F1468B00022FFC5 /* MediaMusicViewController.swift */; };
		68BC8AE61EC5662A00FBC7C2 /* MainMenuTableViewCell.swift in Sources */ = {isa = PBXBuildFile; fileRef = 68BC8AE41EC5662A00FBC7C2 /* MainMenuTableViewCell.swift */; };
		68BC8AE71EC5662A00FBC7C2 /* MainMenuTableViewCell.xib in Resources */ = {isa = PBXBuildFile; fileRef = 68BC8AE51EC5662A00FBC7C2 /* MainMenuTableViewCell.xib */; };
		68BE69CC1EEA33C50082956D /* MediaGospel.swift in Sources */ = {isa = PBXBuildFile; fileRef = 68BE69CB1EEA33C50082956D /* MediaGospel.swift */; };
		68BE69CE1EEA35240082956D /* MediaGospelResponse.swift in Sources */ = {isa = PBXBuildFile; fileRef = 68BE69CD1EEA35240082956D /* MediaGospelResponse.swift */; };
		68BE69D01EEA3B730082956D /* Gospel.swift in Sources */ = {isa = PBXBuildFile; fileRef = 68BE69CF1EEA3B730082956D /* Gospel.swift */; };
		68BE69D21EEA3C600082956D /* GospelResponse.swift in Sources */ = {isa = PBXBuildFile; fileRef = 68BE69D11EEA3C600082956D /* GospelResponse.swift */; };
		68BE69D41EEA3FBF0082956D /* GospelViewController.swift in Sources */ = {isa = PBXBuildFile; fileRef = 68BE69D31EEA3FBF0082956D /* GospelViewController.swift */; };
		68BE69D61EEA57380082956D /* LanguageViewController.swift in Sources */ = {isa = PBXBuildFile; fileRef = 68BE69D51EEA57380082956D /* LanguageViewController.swift */; };
		68BE69D81EEBBB5B0082956D /* SafariServices.framework in Frameworks */ = {isa = PBXBuildFile; fileRef = 68BE69D71EEBBB5B0082956D /* SafariServices.framework */; };
		68BE69E61EEBC0620082956D /* LanguageIdentifierResponse.swift in Sources */ = {isa = PBXBuildFile; fileRef = 68BE69E51EEBC0620082956D /* LanguageIdentifierResponse.swift */; };
		68BE69E81EEBC0C80082956D /* LanguageIdentifier.swift in Sources */ = {isa = PBXBuildFile; fileRef = 68BE69E71EEBC0C80082956D /* LanguageIdentifier.swift */; };
		68BF02D41F11FC4000D7F2CA /* MusicViewController.swift in Sources */ = {isa = PBXBuildFile; fileRef = 68BF02D31F11FC4000D7F2CA /* MusicViewController.swift */; };
		68BF02DB1F12977300D7F2CA /* MusicTableViewCell.swift in Sources */ = {isa = PBXBuildFile; fileRef = 68BF02D91F12977300D7F2CA /* MusicTableViewCell.swift */; };
		68BF02DC1F12977300D7F2CA /* MusicTableViewCell.xib in Resources */ = {isa = PBXBuildFile; fileRef = 68BF02DA1F12977300D7F2CA /* MusicTableViewCell.xib */; };
		68E2BE421EBC143400FCD897 /* UIView+Debug.m in Sources */ = {isa = PBXBuildFile; fileRef = 68E2BE411EBC143400FCD897 /* UIView+Debug.m */; };
		68E2BE451EBD622300FCD897 /* CurrencyField.swift in Sources */ = {isa = PBXBuildFile; fileRef = 68E2BE441EBD622300FCD897 /* CurrencyField.swift */; };
		68F0F3F71F11E9A900718AFF /* Music.swift in Sources */ = {isa = PBXBuildFile; fileRef = 68F0F3F61F11E9A900718AFF /* Music.swift */; };
		68F0F3F91F11EC1B00718AFF /* MediaMusic.swift in Sources */ = {isa = PBXBuildFile; fileRef = 68F0F3F81F11EC1B00718AFF /* MediaMusic.swift */; };
		68F0F3FB1F11EC7B00718AFF /* MediaMusicResponse.swift in Sources */ = {isa = PBXBuildFile; fileRef = 68F0F3FA1F11EC7B00718AFF /* MediaMusicResponse.swift */; };
		68F0F3FD1F11EF6F00718AFF /* MusicResponse.swift in Sources */ = {isa = PBXBuildFile; fileRef = 68F0F3FC1F11EF6F00718AFF /* MusicResponse.swift */; };
		701F01501E65DA000010B320 /* LoadingIndicator.swift in Sources */ = {isa = PBXBuildFile; fileRef = 701F014F1E65DA000010B320 /* LoadingIndicator.swift */; };
		701F01521E65DA0E0010B320 /* WebServiceSingleTon.swift in Sources */ = {isa = PBXBuildFile; fileRef = 701F01511E65DA0E0010B320 /* WebServiceSingleTon.swift */; };
		701F01551E65DA2E0010B320 /* Reachability.swift in Sources */ = {isa = PBXBuildFile; fileRef = 701F01541E65DA2E0010B320 /* Reachability.swift */; };
		701F01571E65DA440010B320 /* BaseClass.swift in Sources */ = {isa = PBXBuildFile; fileRef = 701F01561E65DA440010B320 /* BaseClass.swift */; };
		701F01591E65DA590010B320 /* CommonMethodsClass.swift in Sources */ = {isa = PBXBuildFile; fileRef = 701F01581E65DA590010B320 /* CommonMethodsClass.swift */; };
		703D12B91E67156D0093E1AA /* ChapterViewController.swift in Sources */ = {isa = PBXBuildFile; fileRef = 703D12B81E67156D0093E1AA /* ChapterViewController.swift */; };
		709234321E673BDE001F1621 /* classsDownload.swift in Sources */ = {isa = PBXBuildFile; fileRef = 709234311E673BDE001F1621 /* classsDownload.swift */; };
		70C937A11E6B38F900ACE009 /* AboutUsViewController.swift in Sources */ = {isa = PBXBuildFile; fileRef = 70C937A01E6B38F900ACE009 /* AboutUsViewController.swift */; };
		70C937A41E6B3F9C00ACE009 /* PrivacyPolicy.swift in Sources */ = {isa = PBXBuildFile; fileRef = 70C937A31E6B3F9C00ACE009 /* PrivacyPolicy.swift */; };
		70CD20621E6479A800AF619F /* AppDelegate.swift in Sources */ = {isa = PBXBuildFile; fileRef = 70CD20611E6479A800AF619F /* AppDelegate.swift */; };
		70CD20641E6479A800AF619F /* MainViewController.swift in Sources */ = {isa = PBXBuildFile; fileRef = 70CD20631E6479A800AF619F /* MainViewController.swift */; };
		70CD20671E6479A800AF619F /* Main.storyboard in Resources */ = {isa = PBXBuildFile; fileRef = 70CD20651E6479A800AF619F /* Main.storyboard */; };
		70CD20691E6479A800AF619F /* Assets.xcassets in Resources */ = {isa = PBXBuildFile; fileRef = 70CD20681E6479A800AF619F /* Assets.xcassets */; };
		70CD206C1E6479A800AF619F /* LaunchScreen.storyboard in Resources */ = {isa = PBXBuildFile; fileRef = 70CD206A1E6479A800AF619F /* LaunchScreen.storyboard */; };
		70CD20771E6479A800AF619F /* RVGTests.swift in Sources */ = {isa = PBXBuildFile; fileRef = 70CD20761E6479A800AF619F /* RVGTests.swift */; };
		70CD20821E6479A800AF619F /* RVGUITests.swift in Sources */ = {isa = PBXBuildFile; fileRef = 70CD20811E6479A800AF619F /* RVGUITests.swift */; };
		70CD20A01E64857D00AF619F /* ExtentionsAll.swift in Sources */ = {isa = PBXBuildFile; fileRef = 70CD209F1E64857D00AF619F /* ExtentionsAll.swift */; };
		70CD20A71E6486CC00AF619F /* Constants.swift in Sources */ = {isa = PBXBuildFile; fileRef = 70CD20A61E6486CC00AF619F /* Constants.swift */; };
		C4BABE1A6FF4627E9945C10B /* Pods_RVGUITests.framework in Frameworks */ = {isa = PBXBuildFile; fileRef = 9B5BF908FBAC3BA805A10681 /* Pods_RVGUITests.framework */; };
		F4EAE455D8A9B4AFF89DDE65 /* Pods_KJVRVG.framework in Frameworks */ = {isa = PBXBuildFile; fileRef = FF186C60E7CB0762EA6444C2 /* Pods_KJVRVG.framework */; };
/* End PBXBuildFile section */

/* Begin PBXContainerItemProxy section */
		70CD20731E6479A800AF619F /* PBXContainerItemProxy */ = {
			isa = PBXContainerItemProxy;
			containerPortal = 70CD20561E6479A800AF619F /* Project object */;
			proxyType = 1;
			remoteGlobalIDString = 70CD205D1E6479A800AF619F;
			remoteInfo = RVG;
		};
		70CD207E1E6479A800AF619F /* PBXContainerItemProxy */ = {
			isa = PBXContainerItemProxy;
			containerPortal = 70CD20561E6479A800AF619F /* Project object */;
			proxyType = 1;
			remoteGlobalIDString = 70CD205D1E6479A800AF619F;
			remoteInfo = RVG;
		};
/* End PBXContainerItemProxy section */

/* Begin PBXFileReference section */
		39B61A28AC305D4A3BE4704D /* Pods-RVGUITests.debug.xcconfig */ = {isa = PBXFileReference; includeInIndex = 1; lastKnownFileType = text.xcconfig; name = "Pods-RVGUITests.debug.xcconfig"; path = "Pods/Target Support Files/Pods-RVGUITests/Pods-RVGUITests.debug.xcconfig"; sourceTree = "<group>"; };
		3ABF96665E8996F5FF3CADC0 /* Pods_RVG.framework */ = {isa = PBXFileReference; explicitFileType = wrapper.framework; includeInIndex = 0; path = Pods_RVG.framework; sourceTree = BUILT_PRODUCTS_DIR; };
		42394A69148B656F9C3009CC /* Pods-RVG.release.xcconfig */ = {isa = PBXFileReference; includeInIndex = 1; lastKnownFileType = text.xcconfig; name = "Pods-RVG.release.xcconfig"; path = "Pods/Target Support Files/Pods-RVG/Pods-RVG.release.xcconfig"; sourceTree = "<group>"; };
		4C9E06C71EDBBF6800282247 /* ContactUsModel.swift */ = {isa = PBXFileReference; fileEncoding = 4; lastKnownFileType = sourcecode.swift; path = ContactUsModel.swift; sourceTree = "<group>"; };
		4CD63DFA1ED4CBAD00C4E2EC /* SessionError.swift */ = {isa = PBXFileReference; fileEncoding = 4; lastKnownFileType = sourcecode.swift; path = SessionError.swift; sourceTree = "<group>"; };
		4CD63DFC1ED4D27600C4E2EC /* MediaChapterResponse.swift */ = {isa = PBXFileReference; fileEncoding = 4; lastKnownFileType = sourcecode.swift; path = MediaChapterResponse.swift; sourceTree = "<group>"; };
		4CD63DFE1ED4D29A00C4E2EC /* MediaChapter.swift */ = {isa = PBXFileReference; fileEncoding = 4; lastKnownFileType = sourcecode.swift; path = MediaChapter.swift; sourceTree = "<group>"; };
		4CDD655A1EEB3DA400C59DD5 /* LoopView.swift */ = {isa = PBXFileReference; fileEncoding = 4; lastKnownFileType = sourcecode.swift; path = LoopView.swift; sourceTree = "<group>"; };
		4CDD655E1EEB423F00C59DD5 /* other-languages-sm.m4v */ = {isa = PBXFileReference; lastKnownFileType = file; path = "other-languages-sm.m4v"; sourceTree = "<group>"; };
		4CDD65601EEB42B600C59DD5 /* Looper.swift */ = {isa = PBXFileReference; fileEncoding = 4; lastKnownFileType = sourcecode.swift; path = Looper.swift; sourceTree = "<group>"; };
		4CDD65621EEB433600C59DD5 /* QueuePlayerLooper.swift */ = {isa = PBXFileReference; fileEncoding = 4; lastKnownFileType = sourcecode.swift; path = QueuePlayerLooper.swift; sourceTree = "<group>"; };
		4CDD65721EEB7FE500C59DD5 /* MessageUI.framework */ = {isa = PBXFileReference; lastKnownFileType = wrapper.framework; name = MessageUI.framework; path = System/Library/Frameworks/MessageUI.framework; sourceTree = SDKROOT; };
		4CF401E41ED3805700632272 /* BookCollectionViewCell.swift */ = {isa = PBXFileReference; fileEncoding = 4; lastKnownFileType = sourcecode.swift; path = BookCollectionViewCell.swift; sourceTree = "<group>"; };
		4CF401E51ED3805700632272 /* BookCollectionViewCell.xib */ = {isa = PBXFileReference; fileEncoding = 4; lastKnownFileType = file.xib; path = BookCollectionViewCell.xib; sourceTree = "<group>"; };
		4CF401EA1ED391F400632272 /* Device.swift */ = {isa = PBXFileReference; fileEncoding = 4; lastKnownFileType = sourcecode.swift; path = Device.swift; sourceTree = "<group>"; };
		54F8BA39933CAF7E54C002E1 /* Pods-RVG.debug.xcconfig */ = {isa = PBXFileReference; includeInIndex = 1; lastKnownFileType = text.xcconfig; name = "Pods-RVG.debug.xcconfig"; path = "Pods/Target Support Files/Pods-RVG/Pods-RVG.debug.xcconfig"; sourceTree = "<group>"; };
		5A833608D6B0C40C7B99434A /* Pods-RVGTests.release.xcconfig */ = {isa = PBXFileReference; includeInIndex = 1; lastKnownFileType = text.xcconfig; name = "Pods-RVGTests.release.xcconfig"; path = "Pods/Target Support Files/Pods-RVGTests/Pods-RVGTests.release.xcconfig"; sourceTree = "<group>"; };
		68121CB01ED7D12800273342 /* ChapterTableViewCell.swift */ = {isa = PBXFileReference; fileEncoding = 4; lastKnownFileType = sourcecode.swift; path = ChapterTableViewCell.swift; sourceTree = "<group>"; };
		68121CB11ED7D12800273342 /* ChapterTableViewCell.xib */ = {isa = PBXFileReference; fileEncoding = 4; lastKnownFileType = file.xib; path = ChapterTableViewCell.xib; sourceTree = "<group>"; };
		681E11781ED1098600B028DD /* BibleService.swift */ = {isa = PBXFileReference; fileEncoding = 4; lastKnownFileType = sourcecode.swift; path = BibleService.swift; sourceTree = "<group>"; };
		681E117A1ED110CB00B028DD /* Environment.swift */ = {isa = PBXFileReference; fileEncoding = 4; lastKnownFileType = sourcecode.swift; path = Environment.swift; sourceTree = "<group>"; };
		681E117C1ED1141100B028DD /* EnvironmentService.swift */ = {isa = PBXFileReference; fileEncoding = 4; lastKnownFileType = sourcecode.swift; path = EnvironmentService.swift; sourceTree = "<group>"; };
		681E117E1ED138DA00B028DD /* Book.swift */ = {isa = PBXFileReference; fileEncoding = 4; lastKnownFileType = sourcecode.swift; path = Book.swift; sourceTree = "<group>"; };
		681E11801ED13B1400B028DD /* BookResponse.swift */ = {isa = PBXFileReference; fileEncoding = 4; lastKnownFileType = sourcecode.swift; path = BookResponse.swift; sourceTree = "<group>"; };
		683D5B871F1A7E3B0019ED0E /* EnvironmentUrlItemKey.swift */ = {isa = PBXFileReference; fileEncoding = 4; lastKnownFileType = sourcecode.swift; path = EnvironmentUrlItemKey.swift; sourceTree = "<group>"; };
		683D5B891F1A7ECA0019ED0E /* EnvironmentUrlItems.swift */ = {isa = PBXFileReference; fileEncoding = 4; lastKnownFileType = sourcecode.swift; path = EnvironmentUrlItems.swift; sourceTree = "<group>"; };
		683D5B8B1F1EE89C0019ED0E /* el */ = {isa = PBXFileReference; lastKnownFileType = text.plist.strings; name = el; path = el.lproj/LaunchScreen.strings; sourceTree = "<group>"; };
		683D5B8C1F1EE89C0019ED0E /* el */ = {isa = PBXFileReference; lastKnownFileType = text.plist.strings; name = el; path = el.lproj/Main.strings; sourceTree = "<group>"; };
		683D5B8D1F1EE89C0019ED0E /* el */ = {isa = PBXFileReference; lastKnownFileType = text.plist.strings; name = el; path = el.lproj/Localizable.strings; sourceTree = "<group>"; };
		683D5B8E1F1EE89C0019ED0E /* el */ = {isa = PBXFileReference; lastKnownFileType = text.plist.strings; name = el; path = el.lproj/InfoPlist.strings; sourceTree = "<group>"; };
		6854EED61F01F649007BB502 /* AVFoundation.framework */ = {isa = PBXFileReference; lastKnownFileType = wrapper.framework; name = AVFoundation.framework; path = System/Library/Frameworks/AVFoundation.framework; sourceTree = SDKROOT; };
		686233E91EFF71FC0046D952 /* PlayerContainerViewController.swift */ = {isa = PBXFileReference; fileEncoding = 4; lastKnownFileType = sourcecode.swift; path = PlayerContainerViewController.swift; sourceTree = "<group>"; };
		686233EA1EFF71FC0046D952 /* PlayerViewController.swift */ = {isa = PBXFileReference; fileEncoding = 4; lastKnownFileType = sourcecode.swift; path = PlayerViewController.swift; sourceTree = "<group>"; };
		686233EB1EFF71FC0046D952 /* PlaybackService.swift */ = {isa = PBXFileReference; fileEncoding = 4; lastKnownFileType = sourcecode.swift; path = PlaybackService.swift; sourceTree = "<group>"; };
		687BF6CB1EC00AC4002EDCC3 /* es */ = {isa = PBXFileReference; lastKnownFileType = text.plist.strings; name = es; path = es.lproj/LaunchScreen.strings; sourceTree = "<group>"; };
		687BF6CC1EC00AC4002EDCC3 /* es */ = {isa = PBXFileReference; lastKnownFileType = text.plist.strings; name = es; path = es.lproj/Main.strings; sourceTree = "<group>"; };
		687BF6CE1EC00AE3002EDCC3 /* es */ = {isa = PBXFileReference; lastKnownFileType = text.plist.strings; lineEnding = 0; name = es; path = es.lproj/Localizable.strings; sourceTree = "<group>"; xcLanguageSpecificationIdentifier = xcode.lang.simpleColoring; };
		687BF6D61EC013CA002EDCC3 /* Info.plist */ = {isa = PBXFileReference; fileEncoding = 4; lastKnownFileType = text.plist.xml; path = Info.plist; sourceTree = "<group>"; };
		687BF6D91EC014B2002EDCC3 /* es */ = {isa = PBXFileReference; lastKnownFileType = text.plist.strings; name = es; path = es.lproj/InfoPlist.strings; sourceTree = "<group>"; };
		687BF6DB1EC2BB5D002EDCC3 /* MainMenuFooterTableViewCell.swift */ = {isa = PBXFileReference; fileEncoding = 4; lastKnownFileType = sourcecode.swift; path = MainMenuFooterTableViewCell.swift; sourceTree = "<group>"; };
		687BF6DC1EC2BB5D002EDCC3 /* MainMenuFooterTableViewCell.xib */ = {isa = PBXFileReference; fileEncoding = 4; lastKnownFileType = file.xib; path = MainMenuFooterTableViewCell.xib; sourceTree = "<group>"; };
		689880501F147B5900CC2BC5 /* Playable.swift */ = {isa = PBXFileReference; fileEncoding = 4; lastKnownFileType = sourcecode.swift; path = Playable.swift; sourceTree = "<group>"; };
		689880521F15A9F900CC2BC5 /* MediaMusicTableViewCell.swift */ = {isa = PBXFileReference; fileEncoding = 4; lastKnownFileType = sourcecode.swift; path = MediaMusicTableViewCell.swift; sourceTree = "<group>"; };
		689880531F15A9F900CC2BC5 /* MediaMusicTableViewCell.xib */ = {isa = PBXFileReference; fileEncoding = 4; lastKnownFileType = file.xib; path = MediaMusicTableViewCell.xib; sourceTree = "<group>"; };
		689880561F16F52600CC2BC5 /* MediaPlayer.framework */ = {isa = PBXFileReference; lastKnownFileType = wrapper.framework; name = MediaPlayer.framework; path = System/Library/Frameworks/MediaPlayer.framework; sourceTree = SDKROOT; };
		6899CFAF1EE0E5320083751A /* OtherLanguagesViewController.swift */ = {isa = PBXFileReference; fileEncoding = 4; lastKnownFileType = sourcecode.swift; path = OtherLanguagesViewController.swift; sourceTree = "<group>"; };
		689A05441ED27A9E00D3232D /* Bible.swift */ = {isa = PBXFileReference; fileEncoding = 4; lastKnownFileType = sourcecode.swift; path = Bible.swift; sourceTree = "<group>"; };
		689DEFD11EB9753F00371829 /* DonateViewController.swift */ = {isa = PBXFileReference; fileEncoding = 4; lastKnownFileType = sourcecode.swift; lineEnding = 0; path = DonateViewController.swift; sourceTree = "<group>"; xcLanguageSpecificationIdentifier = xcode.lang.swift; };
		689E7B161F1468B00022FFC5 /* MediaMusicViewController.swift */ = {isa = PBXFileReference; fileEncoding = 4; lastKnownFileType = sourcecode.swift; path = MediaMusicViewController.swift; sourceTree = "<group>"; };
		68BC8AE41EC5662A00FBC7C2 /* MainMenuTableViewCell.swift */ = {isa = PBXFileReference; fileEncoding = 4; lastKnownFileType = sourcecode.swift; path = MainMenuTableViewCell.swift; sourceTree = "<group>"; };
		68BC8AE51EC5662A00FBC7C2 /* MainMenuTableViewCell.xib */ = {isa = PBXFileReference; fileEncoding = 4; lastKnownFileType = file.xib; path = MainMenuTableViewCell.xib; sourceTree = "<group>"; };
		68BE69CB1EEA33C50082956D /* MediaGospel.swift */ = {isa = PBXFileReference; fileEncoding = 4; lastKnownFileType = sourcecode.swift; path = MediaGospel.swift; sourceTree = "<group>"; };
		68BE69CD1EEA35240082956D /* MediaGospelResponse.swift */ = {isa = PBXFileReference; fileEncoding = 4; lastKnownFileType = sourcecode.swift; path = MediaGospelResponse.swift; sourceTree = "<group>"; };
		68BE69CF1EEA3B730082956D /* Gospel.swift */ = {isa = PBXFileReference; fileEncoding = 4; lastKnownFileType = sourcecode.swift; path = Gospel.swift; sourceTree = "<group>"; };
		68BE69D11EEA3C600082956D /* GospelResponse.swift */ = {isa = PBXFileReference; fileEncoding = 4; lastKnownFileType = sourcecode.swift; path = GospelResponse.swift; sourceTree = "<group>"; };
		68BE69D31EEA3FBF0082956D /* GospelViewController.swift */ = {isa = PBXFileReference; fileEncoding = 4; lastKnownFileType = sourcecode.swift; path = GospelViewController.swift; sourceTree = "<group>"; };
		68BE69D51EEA57380082956D /* LanguageViewController.swift */ = {isa = PBXFileReference; fileEncoding = 4; lastKnownFileType = sourcecode.swift; path = LanguageViewController.swift; sourceTree = "<group>"; };
		68BE69D71EEBBB5B0082956D /* SafariServices.framework */ = {isa = PBXFileReference; lastKnownFileType = wrapper.framework; name = SafariServices.framework; path = System/Library/Frameworks/SafariServices.framework; sourceTree = SDKROOT; };
		68BE69D91EEBBED20082956D /* fr */ = {isa = PBXFileReference; lastKnownFileType = text.plist.strings; name = fr; path = fr.lproj/LaunchScreen.strings; sourceTree = "<group>"; };
		68BE69DA1EEBBED20082956D /* fr */ = {isa = PBXFileReference; lastKnownFileType = text.plist.strings; name = fr; path = fr.lproj/Main.strings; sourceTree = "<group>"; };
		68BE69DB1EEBBED20082956D /* fr */ = {isa = PBXFileReference; lastKnownFileType = text.plist.strings; lineEnding = 0; name = fr; path = fr.lproj/Localizable.strings; sourceTree = "<group>"; xcLanguageSpecificationIdentifier = xcode.lang.simpleColoring; };
		68BE69DC1EEBBED30082956D /* fr */ = {isa = PBXFileReference; lastKnownFileType = text.plist.strings; name = fr; path = fr.lproj/InfoPlist.strings; sourceTree = "<group>"; };
		68BE69DD1EEBBF090082956D /* pt-BR */ = {isa = PBXFileReference; lastKnownFileType = text.plist.strings; name = "pt-BR"; path = "pt-BR.lproj/LaunchScreen.strings"; sourceTree = "<group>"; };
		68BE69DE1EEBBF090082956D /* pt-BR */ = {isa = PBXFileReference; lastKnownFileType = text.plist.strings; name = "pt-BR"; path = "pt-BR.lproj/Main.strings"; sourceTree = "<group>"; };
		68BE69DF1EEBBF090082956D /* pt-BR */ = {isa = PBXFileReference; lastKnownFileType = text.plist.strings; lineEnding = 0; name = "pt-BR"; path = "pt-BR.lproj/Localizable.strings"; sourceTree = "<group>"; xcLanguageSpecificationIdentifier = xcode.lang.simpleColoring; };
		68BE69E01EEBBF090082956D /* pt-BR */ = {isa = PBXFileReference; lastKnownFileType = text.plist.strings; name = "pt-BR"; path = "pt-BR.lproj/InfoPlist.strings"; sourceTree = "<group>"; };
		68BE69E11EEBBF240082956D /* hi */ = {isa = PBXFileReference; lastKnownFileType = text.plist.strings; name = hi; path = hi.lproj/LaunchScreen.strings; sourceTree = "<group>"; };
		68BE69E21EEBBF240082956D /* hi */ = {isa = PBXFileReference; lastKnownFileType = text.plist.strings; name = hi; path = hi.lproj/Main.strings; sourceTree = "<group>"; };
		68BE69E31EEBBF240082956D /* hi */ = {isa = PBXFileReference; lastKnownFileType = text.plist.strings; lineEnding = 0; name = hi; path = hi.lproj/Localizable.strings; sourceTree = "<group>"; xcLanguageSpecificationIdentifier = xcode.lang.simpleColoring; };
		68BE69E41EEBBF240082956D /* hi */ = {isa = PBXFileReference; lastKnownFileType = text.plist.strings; name = hi; path = hi.lproj/InfoPlist.strings; sourceTree = "<group>"; };
		68BE69E51EEBC0620082956D /* LanguageIdentifierResponse.swift */ = {isa = PBXFileReference; fileEncoding = 4; lastKnownFileType = sourcecode.swift; path = LanguageIdentifierResponse.swift; sourceTree = "<group>"; };
		68BE69E71EEBC0C80082956D /* LanguageIdentifier.swift */ = {isa = PBXFileReference; fileEncoding = 4; lastKnownFileType = sourcecode.swift; path = LanguageIdentifier.swift; sourceTree = "<group>"; };
		68BF02D31F11FC4000D7F2CA /* MusicViewController.swift */ = {isa = PBXFileReference; fileEncoding = 4; lastKnownFileType = sourcecode.swift; path = MusicViewController.swift; sourceTree = "<group>"; };
		68BF02D91F12977300D7F2CA /* MusicTableViewCell.swift */ = {isa = PBXFileReference; fileEncoding = 4; lastKnownFileType = sourcecode.swift; path = MusicTableViewCell.swift; sourceTree = "<group>"; };
		68BF02DA1F12977300D7F2CA /* MusicTableViewCell.xib */ = {isa = PBXFileReference; fileEncoding = 4; lastKnownFileType = file.xib; path = MusicTableViewCell.xib; sourceTree = "<group>"; };
		68E2BE3F1EBC143300FCD897 /* RVG-Bridging-Header.h */ = {isa = PBXFileReference; lastKnownFileType = sourcecode.c.h; path = "RVG-Bridging-Header.h"; sourceTree = "<group>"; };
		68E2BE401EBC143400FCD897 /* UIView+Debug.h */ = {isa = PBXFileReference; fileEncoding = 4; lastKnownFileType = sourcecode.c.h; path = "UIView+Debug.h"; sourceTree = "<group>"; };
		68E2BE411EBC143400FCD897 /* UIView+Debug.m */ = {isa = PBXFileReference; fileEncoding = 4; lastKnownFileType = sourcecode.c.objc; path = "UIView+Debug.m"; sourceTree = "<group>"; };
		68E2BE441EBD622300FCD897 /* CurrencyField.swift */ = {isa = PBXFileReference; fileEncoding = 4; lastKnownFileType = sourcecode.swift; path = CurrencyField.swift; sourceTree = "<group>"; };
		68F0F3F61F11E9A900718AFF /* Music.swift */ = {isa = PBXFileReference; fileEncoding = 4; lastKnownFileType = sourcecode.swift; path = Music.swift; sourceTree = "<group>"; };
		68F0F3F81F11EC1B00718AFF /* MediaMusic.swift */ = {isa = PBXFileReference; fileEncoding = 4; lastKnownFileType = sourcecode.swift; path = MediaMusic.swift; sourceTree = "<group>"; };
		68F0F3FA1F11EC7B00718AFF /* MediaMusicResponse.swift */ = {isa = PBXFileReference; fileEncoding = 4; lastKnownFileType = sourcecode.swift; path = MediaMusicResponse.swift; sourceTree = "<group>"; };
		68F0F3FC1F11EF6F00718AFF /* MusicResponse.swift */ = {isa = PBXFileReference; fileEncoding = 4; lastKnownFileType = sourcecode.swift; path = MusicResponse.swift; sourceTree = "<group>"; };
		701F014F1E65DA000010B320 /* LoadingIndicator.swift */ = {isa = PBXFileReference; fileEncoding = 4; lastKnownFileType = sourcecode.swift; path = LoadingIndicator.swift; sourceTree = "<group>"; };
		701F01511E65DA0E0010B320 /* WebServiceSingleTon.swift */ = {isa = PBXFileReference; fileEncoding = 4; lastKnownFileType = sourcecode.swift; path = WebServiceSingleTon.swift; sourceTree = "<group>"; };
		701F01541E65DA2E0010B320 /* Reachability.swift */ = {isa = PBXFileReference; fileEncoding = 4; lastKnownFileType = sourcecode.swift; path = Reachability.swift; sourceTree = "<group>"; };
		701F01561E65DA440010B320 /* BaseClass.swift */ = {isa = PBXFileReference; fileEncoding = 4; lastKnownFileType = sourcecode.swift; lineEnding = 0; path = BaseClass.swift; sourceTree = "<group>"; xcLanguageSpecificationIdentifier = xcode.lang.swift; };
		701F01581E65DA590010B320 /* CommonMethodsClass.swift */ = {isa = PBXFileReference; fileEncoding = 4; lastKnownFileType = sourcecode.swift; path = CommonMethodsClass.swift; sourceTree = "<group>"; };
		703D12B81E67156D0093E1AA /* ChapterViewController.swift */ = {isa = PBXFileReference; fileEncoding = 4; lastKnownFileType = sourcecode.swift; lineEnding = 0; path = ChapterViewController.swift; sourceTree = "<group>"; xcLanguageSpecificationIdentifier = xcode.lang.swift; };
		704CCFB68F067F176F09CA37 /* Pods-RVGUITests.release.xcconfig */ = {isa = PBXFileReference; includeInIndex = 1; lastKnownFileType = text.xcconfig; name = "Pods-RVGUITests.release.xcconfig"; path = "Pods/Target Support Files/Pods-RVGUITests/Pods-RVGUITests.release.xcconfig"; sourceTree = "<group>"; };
		708F578A1E7482B10011639A /* RVG.entitlements */ = {isa = PBXFileReference; lastKnownFileType = text.plist.entitlements; path = RVG.entitlements; sourceTree = "<group>"; };
		709234311E673BDE001F1621 /* classsDownload.swift */ = {isa = PBXFileReference; fileEncoding = 4; lastKnownFileType = sourcecode.swift; path = classsDownload.swift; sourceTree = "<group>"; };
		70C937A01E6B38F900ACE009 /* AboutUsViewController.swift */ = {isa = PBXFileReference; fileEncoding = 4; lastKnownFileType = sourcecode.swift; lineEnding = 0; path = AboutUsViewController.swift; sourceTree = "<group>"; xcLanguageSpecificationIdentifier = xcode.lang.swift; };
		70C937A31E6B3F9C00ACE009 /* PrivacyPolicy.swift */ = {isa = PBXFileReference; fileEncoding = 4; lastKnownFileType = sourcecode.swift; path = PrivacyPolicy.swift; sourceTree = "<group>"; };
		70CD205E1E6479A800AF619F /* KJVRVG.app */ = {isa = PBXFileReference; explicitFileType = wrapper.application; includeInIndex = 0; path = KJVRVG.app; sourceTree = BUILT_PRODUCTS_DIR; };
		70CD20611E6479A800AF619F /* AppDelegate.swift */ = {isa = PBXFileReference; lastKnownFileType = sourcecode.swift; path = AppDelegate.swift; sourceTree = "<group>"; };
		70CD20631E6479A800AF619F /* MainViewController.swift */ = {isa = PBXFileReference; lastKnownFileType = sourcecode.swift; path = MainViewController.swift; sourceTree = "<group>"; };
		70CD20661E6479A800AF619F /* Base */ = {isa = PBXFileReference; lastKnownFileType = file.storyboard; name = Base; path = Base.lproj/Main.storyboard; sourceTree = "<group>"; };
		70CD20681E6479A800AF619F /* Assets.xcassets */ = {isa = PBXFileReference; lastKnownFileType = folder.assetcatalog; path = Assets.xcassets; sourceTree = "<group>"; };
		70CD206B1E6479A800AF619F /* Base */ = {isa = PBXFileReference; lastKnownFileType = file.storyboard; name = Base; path = Base.lproj/LaunchScreen.storyboard; sourceTree = "<group>"; };
		70CD20721E6479A800AF619F /* RVGTests.xctest */ = {isa = PBXFileReference; explicitFileType = wrapper.cfbundle; includeInIndex = 0; path = RVGTests.xctest; sourceTree = BUILT_PRODUCTS_DIR; };
		70CD20761E6479A800AF619F /* RVGTests.swift */ = {isa = PBXFileReference; lastKnownFileType = sourcecode.swift; path = RVGTests.swift; sourceTree = "<group>"; };
		70CD20781E6479A800AF619F /* Info.plist */ = {isa = PBXFileReference; lastKnownFileType = text.plist.xml; path = Info.plist; sourceTree = "<group>"; };
		70CD207D1E6479A800AF619F /* RVGUITests.xctest */ = {isa = PBXFileReference; explicitFileType = wrapper.cfbundle; includeInIndex = 0; path = RVGUITests.xctest; sourceTree = BUILT_PRODUCTS_DIR; };
		70CD20811E6479A800AF619F /* RVGUITests.swift */ = {isa = PBXFileReference; lastKnownFileType = sourcecode.swift; path = RVGUITests.swift; sourceTree = "<group>"; };
		70CD20831E6479A900AF619F /* Info.plist */ = {isa = PBXFileReference; lastKnownFileType = text.plist.xml; path = Info.plist; sourceTree = "<group>"; };
		70CD209F1E64857D00AF619F /* ExtentionsAll.swift */ = {isa = PBXFileReference; fileEncoding = 4; lastKnownFileType = sourcecode.swift; path = ExtentionsAll.swift; sourceTree = "<group>"; };
		70CD20A61E6486CC00AF619F /* Constants.swift */ = {isa = PBXFileReference; fileEncoding = 4; lastKnownFileType = sourcecode.swift; path = Constants.swift; sourceTree = "<group>"; };
		8731013F9F382E28E02DF104 /* Pods-KJVRVG.debug.xcconfig */ = {isa = PBXFileReference; includeInIndex = 1; lastKnownFileType = text.xcconfig; name = "Pods-KJVRVG.debug.xcconfig"; path = "Pods/Target Support Files/Pods-KJVRVG/Pods-KJVRVG.debug.xcconfig"; sourceTree = "<group>"; };
		9B5BF908FBAC3BA805A10681 /* Pods_RVGUITests.framework */ = {isa = PBXFileReference; explicitFileType = wrapper.framework; includeInIndex = 0; path = Pods_RVGUITests.framework; sourceTree = BUILT_PRODUCTS_DIR; };
		AF36FF2BC753A1E5EDF5D392 /* Pods-RVGTests.debug.xcconfig */ = {isa = PBXFileReference; includeInIndex = 1; lastKnownFileType = text.xcconfig; name = "Pods-RVGTests.debug.xcconfig"; path = "Pods/Target Support Files/Pods-RVGTests/Pods-RVGTests.debug.xcconfig"; sourceTree = "<group>"; };
		C2C9C993926A0B40630D8F6F /* Pods_RVGTests.framework */ = {isa = PBXFileReference; explicitFileType = wrapper.framework; includeInIndex = 0; path = Pods_RVGTests.framework; sourceTree = BUILT_PRODUCTS_DIR; };
		F7107FE8D01A02FBD84C45CD /* Pods-KJVRVG.release.xcconfig */ = {isa = PBXFileReference; includeInIndex = 1; lastKnownFileType = text.xcconfig; name = "Pods-KJVRVG.release.xcconfig"; path = "Pods/Target Support Files/Pods-KJVRVG/Pods-KJVRVG.release.xcconfig"; sourceTree = "<group>"; };
		FF186C60E7CB0762EA6444C2 /* Pods_KJVRVG.framework */ = {isa = PBXFileReference; explicitFileType = wrapper.framework; includeInIndex = 0; path = Pods_KJVRVG.framework; sourceTree = BUILT_PRODUCTS_DIR; };
/* End PBXFileReference section */

/* Begin PBXFrameworksBuildPhase section */
		70CD205B1E6479A800AF619F /* Frameworks */ = {
			isa = PBXFrameworksBuildPhase;
			buildActionMask = 2147483647;
			files = (
				689880571F16F52600CC2BC5 /* MediaPlayer.framework in Frameworks */,
				6854EED71F01F649007BB502 /* AVFoundation.framework in Frameworks */,
				68BE69D81EEBBB5B0082956D /* SafariServices.framework in Frameworks */,
				4CDD65731EEB7FE500C59DD5 /* MessageUI.framework in Frameworks */,
				F4EAE455D8A9B4AFF89DDE65 /* Pods_KJVRVG.framework in Frameworks */,
			);
			runOnlyForDeploymentPostprocessing = 0;
		};
		70CD206F1E6479A800AF619F /* Frameworks */ = {
			isa = PBXFrameworksBuildPhase;
			buildActionMask = 2147483647;
			files = (
				08D033F70490F54B52DA4B70 /* Pods_RVGTests.framework in Frameworks */,
			);
			runOnlyForDeploymentPostprocessing = 0;
		};
		70CD207A1E6479A800AF619F /* Frameworks */ = {
			isa = PBXFrameworksBuildPhase;
			buildActionMask = 2147483647;
			files = (
				C4BABE1A6FF4627E9945C10B /* Pods_RVGUITests.framework in Frameworks */,
			);
			runOnlyForDeploymentPostprocessing = 0;
		};
/* End PBXFrameworksBuildPhase section */

/* Begin PBXGroup section */
		1B0B08D6C53FEED03CFF156F /* Frameworks */ = {
			isa = PBXGroup;
			children = (
				689880561F16F52600CC2BC5 /* MediaPlayer.framework */,
				6854EED61F01F649007BB502 /* AVFoundation.framework */,
				68BE69D71EEBBB5B0082956D /* SafariServices.framework */,
				4CDD65721EEB7FE500C59DD5 /* MessageUI.framework */,
				3ABF96665E8996F5FF3CADC0 /* Pods_RVG.framework */,
				C2C9C993926A0B40630D8F6F /* Pods_RVGTests.framework */,
				9B5BF908FBAC3BA805A10681 /* Pods_RVGUITests.framework */,
				FF186C60E7CB0762EA6444C2 /* Pods_KJVRVG.framework */,
			);
			name = Frameworks;
			sourceTree = "<group>";
		};
		4CDD655D1EEB420A00C59DD5 /* Resources */ = {
			isa = PBXGroup;
			children = (
				4CDD655E1EEB423F00C59DD5 /* other-languages-sm.m4v */,
			);
			name = Resources;
			sourceTree = "<group>";
		};
		683D5B861F1A792D0019ED0E /* Service */ = {
			isa = PBXGroup;
			children = (
				681E11781ED1098600B028DD /* BibleService.swift */,
				681E117C1ED1141100B028DD /* EnvironmentService.swift */,
			);
			name = Service;
			sourceTree = "<group>";
		};
		68E2BE431EBC215800FCD897 /* Cells */ = {
			isa = PBXGroup;
			children = (
				68BC8AE41EC5662A00FBC7C2 /* MainMenuTableViewCell.swift */,
				689880521F15A9F900CC2BC5 /* MediaMusicTableViewCell.swift */,
				689880531F15A9F900CC2BC5 /* MediaMusicTableViewCell.xib */,
				68121CB01ED7D12800273342 /* ChapterTableViewCell.swift */,
				68121CB11ED7D12800273342 /* ChapterTableViewCell.xib */,
				4CF401E41ED3805700632272 /* BookCollectionViewCell.swift */,
				4CF401E51ED3805700632272 /* BookCollectionViewCell.xib */,
				68BC8AE51EC5662A00FBC7C2 /* MainMenuTableViewCell.xib */,
				687BF6DB1EC2BB5D002EDCC3 /* MainMenuFooterTableViewCell.swift */,
				687BF6DC1EC2BB5D002EDCC3 /* MainMenuFooterTableViewCell.xib */,
				4CDD655A1EEB3DA400C59DD5 /* LoopView.swift */,
				68BF02D91F12977300D7F2CA /* MusicTableViewCell.swift */,
				68BF02DA1F12977300D7F2CA /* MusicTableViewCell.xib */,
			);
			name = Cells;
			sourceTree = "<group>";
		};
		701F01531E65DA1F0010B320 /* Rechability */ = {
			isa = PBXGroup;
			children = (
				701F01541E65DA2E0010B320 /* Reachability.swift */,
			);
			name = Rechability;
			sourceTree = "<group>";
		};
		70C1E9551E6490630031761A /* LoadingIndicator */ = {
			isa = PBXGroup;
			children = (
				701F014F1E65DA000010B320 /* LoadingIndicator.swift */,
			);
			name = LoadingIndicator;
			sourceTree = "<group>";
		};
		70CD20551E6479A800AF619F = {
			isa = PBXGroup;
			children = (
				70CD20601E6479A800AF619F /* RVG */,
				70CD20751E6479A800AF619F /* RVGTests */,
				70CD20801E6479A800AF619F /* RVGUITests */,
				70CD205F1E6479A800AF619F /* Products */,
				ECD8BE2A9332D5FFAA15DA3A /* Pods */,
				1B0B08D6C53FEED03CFF156F /* Frameworks */,
			);
			sourceTree = "<group>";
		};
		70CD205F1E6479A800AF619F /* Products */ = {
			isa = PBXGroup;
			children = (
				70CD205E1E6479A800AF619F /* KJVRVG.app */,
				70CD20721E6479A800AF619F /* RVGTests.xctest */,
				70CD207D1E6479A800AF619F /* RVGUITests.xctest */,
			);
			name = Products;
			sourceTree = "<group>";
		};
		70CD20601E6479A800AF619F /* RVG */ = {
			isa = PBXGroup;
			children = (
				4CDD655D1EEB420A00C59DD5 /* Resources */,
				70CD20941E64842B00AF619F /* ViewControllers */,
				68E2BE431EBC215800FCD897 /* Cells */,
				683D5B861F1A792D0019ED0E /* Service */,
				70CD20971E64845A00AF619F /* Models */,
				70CD20951E64843600AF619F /* HelperClasses */,
				708F578A1E7482B10011639A /* RVG.entitlements */,
				70CD206A1E6479A800AF619F /* LaunchScreen.storyboard */,
				70CD20651E6479A800AF619F /* Main.storyboard */,
				70CD20611E6479A800AF619F /* AppDelegate.swift */,
				68E2BE401EBC143400FCD897 /* UIView+Debug.h */,
				68E2BE411EBC143400FCD897 /* UIView+Debug.m */,
				68E2BE3F1EBC143300FCD897 /* RVG-Bridging-Header.h */,
				70CD20681E6479A800AF619F /* Assets.xcassets */,
				687BF6CD1EC00AE3002EDCC3 /* Localizable.strings */,
				687BF6D81EC014B2002EDCC3 /* InfoPlist.strings */,
				687BF6D61EC013CA002EDCC3 /* Info.plist */,
			);
			path = RVG;
			sourceTree = "<group>";
		};
		70CD20751E6479A800AF619F /* RVGTests */ = {
			isa = PBXGroup;
			children = (
				70CD20761E6479A800AF619F /* RVGTests.swift */,
				70CD20781E6479A800AF619F /* Info.plist */,
			);
			path = RVGTests;
			sourceTree = "<group>";
		};
		70CD20801E6479A800AF619F /* RVGUITests */ = {
			isa = PBXGroup;
			children = (
				70CD20811E6479A800AF619F /* RVGUITests.swift */,
				70CD20831E6479A900AF619F /* Info.plist */,
			);
			path = RVGUITests;
			sourceTree = "<group>";
		};
		70CD20941E64842B00AF619F /* ViewControllers */ = {
			isa = PBXGroup;
			children = (
				70C937A31E6B3F9C00ACE009 /* PrivacyPolicy.swift */,
				68BF02D31F11FC4000D7F2CA /* MusicViewController.swift */,
				689E7B161F1468B00022FFC5 /* MediaMusicViewController.swift */,
				70C937A01E6B38F900ACE009 /* AboutUsViewController.swift */,
				686233E91EFF71FC0046D952 /* PlayerContainerViewController.swift */,
				686233EA1EFF71FC0046D952 /* PlayerViewController.swift */,
				686233EB1EFF71FC0046D952 /* PlaybackService.swift */,
				703D12B81E67156D0093E1AA /* ChapterViewController.swift */,
				68BE69D31EEA3FBF0082956D /* GospelViewController.swift */,
				68BE69D51EEA57380082956D /* LanguageViewController.swift */,
				70CD20631E6479A800AF619F /* MainViewController.swift */,
				689DEFD11EB9753F00371829 /* DonateViewController.swift */,
				6899CFAF1EE0E5320083751A /* OtherLanguagesViewController.swift */,
				4CDD65601EEB42B600C59DD5 /* Looper.swift */,
				4CDD65621EEB433600C59DD5 /* QueuePlayerLooper.swift */,
			);
			name = ViewControllers;
			sourceTree = "<group>";
		};
		70CD20951E64843600AF619F /* HelperClasses */ = {
			isa = PBXGroup;
			children = (
				701F01531E65DA1F0010B320 /* Rechability */,
				70C1E9551E6490630031761A /* LoadingIndicator */,
				70CD20A51E6486B400AF619F /* Constants */,
				70CD20A41E64869100AF619F /* ThirdParties */,
				70CD20A11E6485A000AF619F /* InheritanceBaseClass */,
				70CD209E1E64856300AF619F /* ExtentionsAll */,
				70CD209B1E64852400AF619F /* CommonMethodsClasss */,
				70CD20981E6484CF00AF619F /* WebApiClass */,
				709234311E673BDE001F1621 /* classsDownload.swift */,
				68E2BE441EBD622300FCD897 /* CurrencyField.swift */,
			);
			name = HelperClasses;
			sourceTree = "<group>";
		};
		70CD20971E64845A00AF619F /* Models */ = {
			isa = PBXGroup;
			children = (
				681E117E1ED138DA00B028DD /* Book.swift */,
				681E11801ED13B1400B028DD /* BookResponse.swift */,
				68BE69E51EEBC0620082956D /* LanguageIdentifierResponse.swift */,
				68BE69D11EEA3C600082956D /* GospelResponse.swift */,
				68BE69CD1EEA35240082956D /* MediaGospelResponse.swift */,
				4CD63DFC1ED4D27600C4E2EC /* MediaChapterResponse.swift */,
				689A05441ED27A9E00D3232D /* Bible.swift */,
				68F0F3F61F11E9A900718AFF /* Music.swift */,
				68F0F3FC1F11EF6F00718AFF /* MusicResponse.swift */,
				68F0F3F81F11EC1B00718AFF /* MediaMusic.swift */,
				68F0F3FA1F11EC7B00718AFF /* MediaMusicResponse.swift */,
				68BE69CF1EEA3B730082956D /* Gospel.swift */,
				68BE69E71EEBC0C80082956D /* LanguageIdentifier.swift */,
				68BE69CB1EEA33C50082956D /* MediaGospel.swift */,
				4CD63DFE1ED4D29A00C4E2EC /* MediaChapter.swift */,
				4C9E06C71EDBBF6800282247 /* ContactUsModel.swift */,
				681E117A1ED110CB00B028DD /* Environment.swift */,
				683D5B871F1A7E3B0019ED0E /* EnvironmentUrlItemKey.swift */,
				683D5B891F1A7ECA0019ED0E /* EnvironmentUrlItems.swift */,
				4CF401EA1ED391F400632272 /* Device.swift */,
				4CD63DFA1ED4CBAD00C4E2EC /* SessionError.swift */,
				689880501F147B5900CC2BC5 /* Playable.swift */,
			);
			name = Models;
			sourceTree = "<group>";
		};
		70CD20981E6484CF00AF619F /* WebApiClass */ = {
			isa = PBXGroup;
			children = (
				701F01511E65DA0E0010B320 /* WebServiceSingleTon.swift */,
			);
			name = WebApiClass;
			sourceTree = "<group>";
		};
		70CD209B1E64852400AF619F /* CommonMethodsClasss */ = {
			isa = PBXGroup;
			children = (
				701F01581E65DA590010B320 /* CommonMethodsClass.swift */,
			);
			name = CommonMethodsClasss;
			sourceTree = "<group>";
		};
		70CD209E1E64856300AF619F /* ExtentionsAll */ = {
			isa = PBXGroup;
			children = (
				70CD209F1E64857D00AF619F /* ExtentionsAll.swift */,
			);
			name = ExtentionsAll;
			sourceTree = "<group>";
		};
		70CD20A11E6485A000AF619F /* InheritanceBaseClass */ = {
			isa = PBXGroup;
			children = (
				701F01561E65DA440010B320 /* BaseClass.swift */,
			);
			name = InheritanceBaseClass;
			sourceTree = "<group>";
		};
		70CD20A41E64869100AF619F /* ThirdParties */ = {
			isa = PBXGroup;
			children = (
			);
			name = ThirdParties;
			sourceTree = "<group>";
		};
		70CD20A51E6486B400AF619F /* Constants */ = {
			isa = PBXGroup;
			children = (
				70CD20A61E6486CC00AF619F /* Constants.swift */,
			);
			name = Constants;
			sourceTree = "<group>";
		};
		ECD8BE2A9332D5FFAA15DA3A /* Pods */ = {
			isa = PBXGroup;
			children = (
				54F8BA39933CAF7E54C002E1 /* Pods-RVG.debug.xcconfig */,
				42394A69148B656F9C3009CC /* Pods-RVG.release.xcconfig */,
				AF36FF2BC753A1E5EDF5D392 /* Pods-RVGTests.debug.xcconfig */,
				5A833608D6B0C40C7B99434A /* Pods-RVGTests.release.xcconfig */,
				39B61A28AC305D4A3BE4704D /* Pods-RVGUITests.debug.xcconfig */,
				704CCFB68F067F176F09CA37 /* Pods-RVGUITests.release.xcconfig */,
				8731013F9F382E28E02DF104 /* Pods-KJVRVG.debug.xcconfig */,
				F7107FE8D01A02FBD84C45CD /* Pods-KJVRVG.release.xcconfig */,
			);
			name = Pods;
			sourceTree = "<group>";
		};
/* End PBXGroup section */

/* Begin PBXNativeTarget section */
		70CD205D1E6479A800AF619F /* KJVRVG */ = {
			isa = PBXNativeTarget;
			buildConfigurationList = 70CD20861E6479A900AF619F /* Build configuration list for PBXNativeTarget "KJVRVG" */;
			buildPhases = (
				7944956FD7A8380C34FBDF37 /* [CP] Check Pods Manifest.lock */,
				70CD205A1E6479A800AF619F /* Sources */,
				70CD205B1E6479A800AF619F /* Frameworks */,
				70CD205C1E6479A800AF619F /* Resources */,
				33FE5B74C59638D836131FA2 /* [CP] Embed Pods Frameworks */,
				8D30C73712A29CC525F02209 /* [CP] Copy Pods Resources */,
			);
			buildRules = (
			);
			dependencies = (
			);
			name = KJVRVG;
			productName = RVG;
			productReference = 70CD205E1E6479A800AF619F /* KJVRVG.app */;
			productType = "com.apple.product-type.application";
		};
		70CD20711E6479A800AF619F /* RVGTests */ = {
			isa = PBXNativeTarget;
			buildConfigurationList = 70CD20891E6479A900AF619F /* Build configuration list for PBXNativeTarget "RVGTests" */;
			buildPhases = (
				728593336821B7B36BBCDB60 /* [CP] Check Pods Manifest.lock */,
				70CD206E1E6479A800AF619F /* Sources */,
				70CD206F1E6479A800AF619F /* Frameworks */,
				70CD20701E6479A800AF619F /* Resources */,
				7BF17F791A2471A21D364F36 /* [CP] Embed Pods Frameworks */,
				763A934FA3C53F316570A20E /* [CP] Copy Pods Resources */,
			);
			buildRules = (
			);
			dependencies = (
				70CD20741E6479A800AF619F /* PBXTargetDependency */,
			);
			name = RVGTests;
			productName = RVGTests;
			productReference = 70CD20721E6479A800AF619F /* RVGTests.xctest */;
			productType = "com.apple.product-type.bundle.unit-test";
		};
		70CD207C1E6479A800AF619F /* RVGUITests */ = {
			isa = PBXNativeTarget;
			buildConfigurationList = 70CD208C1E6479A900AF619F /* Build configuration list for PBXNativeTarget "RVGUITests" */;
			buildPhases = (
				84C16F592823C0C6BEDCB3B7 /* [CP] Check Pods Manifest.lock */,
				70CD20791E6479A800AF619F /* Sources */,
				70CD207A1E6479A800AF619F /* Frameworks */,
				70CD207B1E6479A800AF619F /* Resources */,
				C876F8C81075A62C1B91F49E /* [CP] Copy Pods Resources */,
				33C5E7AFC1DF1CA3E958E970 /* [CP] Embed Pods Frameworks */,
			);
			buildRules = (
			);
			dependencies = (
				70CD207F1E6479A800AF619F /* PBXTargetDependency */,
			);
			name = RVGUITests;
			productName = RVGUITests;
			productReference = 70CD207D1E6479A800AF619F /* RVGUITests.xctest */;
			productType = "com.apple.product-type.bundle.ui-testing";
		};
/* End PBXNativeTarget section */

/* Begin PBXProject section */
		70CD20561E6479A800AF619F /* Project object */ = {
			isa = PBXProject;
			attributes = {
				LastSwiftUpdateCheck = 0800;
				LastUpgradeCheck = 0810;
				ORGANIZATIONNAME = KJVRVG;
				TargetAttributes = {
					70CD205D1E6479A800AF619F = {
						CreatedOnToolsVersion = 8.0;
						DevelopmentTeam = AW22Z53SAJ;
						LastSwiftMigration = 0810;
						ProvisioningStyle = Automatic;
						SystemCapabilities = {
							com.apple.BackgroundModes = {
								enabled = 1;
							};
							com.apple.InterAppAudio = {
								enabled = 0;
							};
						};
					};
					70CD20711E6479A800AF619F = {
						CreatedOnToolsVersion = 8.0;
						ProvisioningStyle = Automatic;
						TestTargetID = 70CD205D1E6479A800AF619F;
					};
					70CD207C1E6479A800AF619F = {
						CreatedOnToolsVersion = 8.0;
						ProvisioningStyle = Automatic;
						TestTargetID = 70CD205D1E6479A800AF619F;
					};
				};
			};
			buildConfigurationList = 70CD20591E6479A800AF619F /* Build configuration list for PBXProject "RVG" */;
			compatibilityVersion = "Xcode 3.2";
			developmentRegion = English;
			hasScannedForEncodings = 0;
			knownRegions = (
				en,
				Base,
				es,
				fr,
				"pt-BR",
				hi,
				el,
			);
			mainGroup = 70CD20551E6479A800AF619F;
			productRefGroup = 70CD205F1E6479A800AF619F /* Products */;
			projectDirPath = "";
			projectRoot = "";
			targets = (
				70CD205D1E6479A800AF619F /* KJVRVG */,
				70CD20711E6479A800AF619F /* RVGTests */,
				70CD207C1E6479A800AF619F /* RVGUITests */,
			);
		};
/* End PBXProject section */

/* Begin PBXResourcesBuildPhase section */
		70CD205C1E6479A800AF619F /* Resources */ = {
			isa = PBXResourcesBuildPhase;
			buildActionMask = 2147483647;
			files = (
				689880551F15A9F900CC2BC5 /* MediaMusicTableViewCell.xib in Resources */,
				68121CB31ED7D12800273342 /* ChapterTableViewCell.xib in Resources */,
				687BF6CF1EC00AE3002EDCC3 /* Localizable.strings in Resources */,
				687BF6DA1EC014B2002EDCC3 /* InfoPlist.strings in Resources */,
				68BC8AE71EC5662A00FBC7C2 /* MainMenuTableViewCell.xib in Resources */,
				70CD206C1E6479A800AF619F /* LaunchScreen.storyboard in Resources */,
				68BF02DC1F12977300D7F2CA /* MusicTableViewCell.xib in Resources */,
				687BF6DE1EC2BB5D002EDCC3 /* MainMenuFooterTableViewCell.xib in Resources */,
				4CF401E71ED3805700632272 /* BookCollectionViewCell.xib in Resources */,
				70CD20691E6479A800AF619F /* Assets.xcassets in Resources */,
				4CDD655F1EEB423F00C59DD5 /* other-languages-sm.m4v in Resources */,
				70CD20671E6479A800AF619F /* Main.storyboard in Resources */,
			);
			runOnlyForDeploymentPostprocessing = 0;
		};
		70CD20701E6479A800AF619F /* Resources */ = {
			isa = PBXResourcesBuildPhase;
			buildActionMask = 2147483647;
			files = (
			);
			runOnlyForDeploymentPostprocessing = 0;
		};
		70CD207B1E6479A800AF619F /* Resources */ = {
			isa = PBXResourcesBuildPhase;
			buildActionMask = 2147483647;
			files = (
			);
			runOnlyForDeploymentPostprocessing = 0;
		};
/* End PBXResourcesBuildPhase section */

/* Begin PBXShellScriptBuildPhase section */
		33C5E7AFC1DF1CA3E958E970 /* [CP] Embed Pods Frameworks */ = {
			isa = PBXShellScriptBuildPhase;
			buildActionMask = 2147483647;
			files = (
			);
			inputPaths = (
			);
			name = "[CP] Embed Pods Frameworks";
			outputPaths = (
			);
			runOnlyForDeploymentPostprocessing = 0;
			shellPath = /bin/sh;
			shellScript = "\"${SRCROOT}/Pods/Target Support Files/Pods-RVGUITests/Pods-RVGUITests-frameworks.sh\"\n";
			showEnvVarsInLog = 0;
		};
		33FE5B74C59638D836131FA2 /* [CP] Embed Pods Frameworks */ = {
			isa = PBXShellScriptBuildPhase;
			buildActionMask = 2147483647;
			files = (
			);
			inputPaths = (
			);
			name = "[CP] Embed Pods Frameworks";
			outputPaths = (
			);
			runOnlyForDeploymentPostprocessing = 0;
			shellPath = /bin/sh;
			shellScript = "\"${SRCROOT}/Pods/Target Support Files/Pods-KJVRVG/Pods-KJVRVG-frameworks.sh\"\n";
			showEnvVarsInLog = 0;
		};
		728593336821B7B36BBCDB60 /* [CP] Check Pods Manifest.lock */ = {
			isa = PBXShellScriptBuildPhase;
			buildActionMask = 2147483647;
			files = (
			);
			inputPaths = (
			);
			name = "[CP] Check Pods Manifest.lock";
			outputPaths = (
			);
			runOnlyForDeploymentPostprocessing = 0;
			shellPath = /bin/sh;
			shellScript = "diff \"${PODS_PODFILE_DIR_PATH}/Podfile.lock\" \"${PODS_ROOT}/Manifest.lock\" > /dev/null\nif [ $? != 0 ] ; then\n    # print error to STDERR\n    echo \"error: The sandbox is not in sync with the Podfile.lock. Run 'pod install' or update your CocoaPods installation.\" >&2\n    exit 1\nfi\n";
			showEnvVarsInLog = 0;
		};
		763A934FA3C53F316570A20E /* [CP] Copy Pods Resources */ = {
			isa = PBXShellScriptBuildPhase;
			buildActionMask = 2147483647;
			files = (
			);
			inputPaths = (
			);
			name = "[CP] Copy Pods Resources";
			outputPaths = (
			);
			runOnlyForDeploymentPostprocessing = 0;
			shellPath = /bin/sh;
			shellScript = "\"${SRCROOT}/Pods/Target Support Files/Pods-RVGTests/Pods-RVGTests-resources.sh\"\n";
			showEnvVarsInLog = 0;
		};
		7944956FD7A8380C34FBDF37 /* [CP] Check Pods Manifest.lock */ = {
			isa = PBXShellScriptBuildPhase;
			buildActionMask = 2147483647;
			files = (
			);
			inputPaths = (
			);
			name = "[CP] Check Pods Manifest.lock";
			outputPaths = (
			);
			runOnlyForDeploymentPostprocessing = 0;
			shellPath = /bin/sh;
			shellScript = "diff \"${PODS_PODFILE_DIR_PATH}/Podfile.lock\" \"${PODS_ROOT}/Manifest.lock\" > /dev/null\nif [ $? != 0 ] ; then\n    # print error to STDERR\n    echo \"error: The sandbox is not in sync with the Podfile.lock. Run 'pod install' or update your CocoaPods installation.\" >&2\n    exit 1\nfi\n";
			showEnvVarsInLog = 0;
		};
		7BF17F791A2471A21D364F36 /* [CP] Embed Pods Frameworks */ = {
			isa = PBXShellScriptBuildPhase;
			buildActionMask = 2147483647;
			files = (
			);
			inputPaths = (
			);
			name = "[CP] Embed Pods Frameworks";
			outputPaths = (
			);
			runOnlyForDeploymentPostprocessing = 0;
			shellPath = /bin/sh;
			shellScript = "\"${SRCROOT}/Pods/Target Support Files/Pods-RVGTests/Pods-RVGTests-frameworks.sh\"\n";
			showEnvVarsInLog = 0;
		};
		84C16F592823C0C6BEDCB3B7 /* [CP] Check Pods Manifest.lock */ = {
			isa = PBXShellScriptBuildPhase;
			buildActionMask = 2147483647;
			files = (
			);
			inputPaths = (
			);
			name = "[CP] Check Pods Manifest.lock";
			outputPaths = (
			);
			runOnlyForDeploymentPostprocessing = 0;
			shellPath = /bin/sh;
			shellScript = "diff \"${PODS_PODFILE_DIR_PATH}/Podfile.lock\" \"${PODS_ROOT}/Manifest.lock\" > /dev/null\nif [ $? != 0 ] ; then\n    # print error to STDERR\n    echo \"error: The sandbox is not in sync with the Podfile.lock. Run 'pod install' or update your CocoaPods installation.\" >&2\n    exit 1\nfi\n";
			showEnvVarsInLog = 0;
		};
		8D30C73712A29CC525F02209 /* [CP] Copy Pods Resources */ = {
			isa = PBXShellScriptBuildPhase;
			buildActionMask = 2147483647;
			files = (
			);
			inputPaths = (
			);
			name = "[CP] Copy Pods Resources";
			outputPaths = (
			);
			runOnlyForDeploymentPostprocessing = 0;
			shellPath = /bin/sh;
			shellScript = "\"${SRCROOT}/Pods/Target Support Files/Pods-KJVRVG/Pods-KJVRVG-resources.sh\"\n";
			showEnvVarsInLog = 0;
		};
		C876F8C81075A62C1B91F49E /* [CP] Copy Pods Resources */ = {
			isa = PBXShellScriptBuildPhase;
			buildActionMask = 2147483647;
			files = (
			);
			inputPaths = (
			);
			name = "[CP] Copy Pods Resources";
			outputPaths = (
			);
			runOnlyForDeploymentPostprocessing = 0;
			shellPath = /bin/sh;
			shellScript = "\"${SRCROOT}/Pods/Target Support Files/Pods-RVGUITests/Pods-RVGUITests-resources.sh\"\n";
			showEnvVarsInLog = 0;
		};
/* End PBXShellScriptBuildPhase section */

/* Begin PBXSourcesBuildPhase section */
		70CD205A1E6479A800AF619F /* Sources */ = {
			isa = PBXSourcesBuildPhase;
			buildActionMask = 2147483647;
			files = (
				70C937A11E6B38F900ACE009 /* AboutUsViewController.swift in Sources */,
				701F01501E65DA000010B320 /* LoadingIndicator.swift in Sources */,
				4CDD65631EEB433600C59DD5 /* QueuePlayerLooper.swift in Sources */,
				686233EE1EFF71FC0046D952 /* PlaybackService.swift in Sources */,
				701F01571E65DA440010B320 /* BaseClass.swift in Sources */,
				709234321E673BDE001F1621 /* classsDownload.swift in Sources */,
				4CD63DFB1ED4CBAD00C4E2EC /* SessionError.swift in Sources */,
				68F0F3F71F11E9A900718AFF /* Music.swift in Sources */,
				4CF401EB1ED391F400632272 /* Device.swift in Sources */,
				681E11811ED13B1400B028DD /* BookResponse.swift in Sources */,
				683D5B881F1A7E3B0019ED0E /* EnvironmentUrlItemKey.swift in Sources */,
				683D5B8A1F1A7ECA0019ED0E /* EnvironmentUrlItems.swift in Sources */,
				4CDD65611EEB42B600C59DD5 /* Looper.swift in Sources */,
				686233ED1EFF71FC0046D952 /* PlayerViewController.swift in Sources */,
				689A05451ED27A9E00D3232D /* Bible.swift in Sources */,
				68BE69D41EEA3FBF0082956D /* GospelViewController.swift in Sources */,
				4CDD655B1EEB3DA400C59DD5 /* LoopView.swift in Sources */,
				4CD63DFF1ED4D29A00C4E2EC /* MediaChapter.swift in Sources */,
				4CD63DFD1ED4D27600C4E2EC /* MediaChapterResponse.swift in Sources */,
				68BE69E61EEBC0620082956D /* LanguageIdentifierResponse.swift in Sources */,
				70CD20641E6479A800AF619F /* MainViewController.swift in Sources */,
				4C9E06C81EDBBF6800282247 /* ContactUsModel.swift in Sources */,
				70C937A41E6B3F9C00ACE009 /* PrivacyPolicy.swift in Sources */,
				70CD20A01E64857D00AF619F /* ExtentionsAll.swift in Sources */,
				686233EC1EFF71FC0046D952 /* PlayerContainerViewController.swift in Sources */,
				701F01591E65DA590010B320 /* CommonMethodsClass.swift in Sources */,
				681E117F1ED138DA00B028DD /* Book.swift in Sources */,
				68121CB21ED7D12800273342 /* ChapterTableViewCell.swift in Sources */,
				68BE69D21EEA3C600082956D /* GospelResponse.swift in Sources */,
				4CF401E61ED3805700632272 /* BookCollectionViewCell.swift in Sources */,
				68BE69D01EEA3B730082956D /* Gospel.swift in Sources */,
				68BE69CE1EEA35240082956D /* MediaGospelResponse.swift in Sources */,
				68E2BE451EBD622300FCD897 /* CurrencyField.swift in Sources */,
				681E117B1ED110CB00B028DD /* Environment.swift in Sources */,
				68BF02DB1F12977300D7F2CA /* MusicTableViewCell.swift in Sources */,
				68BE69D61EEA57380082956D /* LanguageViewController.swift in Sources */,
				687BF6DD1EC2BB5D002EDCC3 /* MainMenuFooterTableViewCell.swift in Sources */,
				703D12B91E67156D0093E1AA /* ChapterViewController.swift in Sources */,
				68F0F3FB1F11EC7B00718AFF /* MediaMusicResponse.swift in Sources */,
				689880511F147B5900CC2BC5 /* Playable.swift in Sources */,
				68BC8AE61EC5662A00FBC7C2 /* MainMenuTableViewCell.swift in Sources */,
				70CD20621E6479A800AF619F /* AppDelegate.swift in Sources */,
				681E117D1ED1141100B028DD /* EnvironmentService.swift in Sources */,
				68BF02D41F11FC4000D7F2CA /* MusicViewController.swift in Sources */,
				689880541F15A9F900CC2BC5 /* MediaMusicTableViewCell.swift in Sources */,
				689E7B171F1468B00022FFC5 /* MediaMusicViewController.swift in Sources */,
				70CD20A71E6486CC00AF619F /* Constants.swift in Sources */,
				701F01551E65DA2E0010B320 /* Reachability.swift in Sources */,
				68E2BE421EBC143400FCD897 /* UIView+Debug.m in Sources */,
				68BE69E81EEBC0C80082956D /* LanguageIdentifier.swift in Sources */,
				681E11791ED1098600B028DD /* BibleService.swift in Sources */,
				701F01521E65DA0E0010B320 /* WebServiceSingleTon.swift in Sources */,
				68BE69CC1EEA33C50082956D /* MediaGospel.swift in Sources */,
				68F0F3FD1F11EF6F00718AFF /* MusicResponse.swift in Sources */,
				68F0F3F91F11EC1B00718AFF /* MediaMusic.swift in Sources */,
				6899CFB01EE0E5320083751A /* OtherLanguagesViewController.swift in Sources */,
			);
			runOnlyForDeploymentPostprocessing = 0;
		};
		70CD206E1E6479A800AF619F /* Sources */ = {
			isa = PBXSourcesBuildPhase;
			buildActionMask = 2147483647;
			files = (
				70CD20771E6479A800AF619F /* RVGTests.swift in Sources */,
			);
			runOnlyForDeploymentPostprocessing = 0;
		};
		70CD20791E6479A800AF619F /* Sources */ = {
			isa = PBXSourcesBuildPhase;
			buildActionMask = 2147483647;
			files = (
				70CD20821E6479A800AF619F /* RVGUITests.swift in Sources */,
			);
			runOnlyForDeploymentPostprocessing = 0;
		};
/* End PBXSourcesBuildPhase section */

/* Begin PBXTargetDependency section */
		70CD20741E6479A800AF619F /* PBXTargetDependency */ = {
			isa = PBXTargetDependency;
			target = 70CD205D1E6479A800AF619F /* KJVRVG */;
			targetProxy = 70CD20731E6479A800AF619F /* PBXContainerItemProxy */;
		};
		70CD207F1E6479A800AF619F /* PBXTargetDependency */ = {
			isa = PBXTargetDependency;
			target = 70CD205D1E6479A800AF619F /* KJVRVG */;
			targetProxy = 70CD207E1E6479A800AF619F /* PBXContainerItemProxy */;
		};
/* End PBXTargetDependency section */

/* Begin PBXVariantGroup section */
		687BF6CD1EC00AE3002EDCC3 /* Localizable.strings */ = {
			isa = PBXVariantGroup;
			children = (
				687BF6CE1EC00AE3002EDCC3 /* es */,
				68BE69DB1EEBBED20082956D /* fr */,
				68BE69DF1EEBBF090082956D /* pt-BR */,
				68BE69E31EEBBF240082956D /* hi */,
				683D5B8D1F1EE89C0019ED0E /* el */,
			);
			name = Localizable.strings;
			sourceTree = "<group>";
		};
		687BF6D81EC014B2002EDCC3 /* InfoPlist.strings */ = {
			isa = PBXVariantGroup;
			children = (
				687BF6D91EC014B2002EDCC3 /* es */,
				68BE69DC1EEBBED30082956D /* fr */,
				68BE69E01EEBBF090082956D /* pt-BR */,
				68BE69E41EEBBF240082956D /* hi */,
				683D5B8E1F1EE89C0019ED0E /* el */,
			);
			name = InfoPlist.strings;
			sourceTree = "<group>";
		};
		70CD20651E6479A800AF619F /* Main.storyboard */ = {
			isa = PBXVariantGroup;
			children = (
				70CD20661E6479A800AF619F /* Base */,
				687BF6CC1EC00AC4002EDCC3 /* es */,
				68BE69DA1EEBBED20082956D /* fr */,
				68BE69DE1EEBBF090082956D /* pt-BR */,
				68BE69E21EEBBF240082956D /* hi */,
				683D5B8C1F1EE89C0019ED0E /* el */,
			);
			name = Main.storyboard;
			sourceTree = "<group>";
		};
		70CD206A1E6479A800AF619F /* LaunchScreen.storyboard */ = {
			isa = PBXVariantGroup;
			children = (
				70CD206B1E6479A800AF619F /* Base */,
				687BF6CB1EC00AC4002EDCC3 /* es */,
				68BE69D91EEBBED20082956D /* fr */,
				68BE69DD1EEBBF090082956D /* pt-BR */,
				68BE69E11EEBBF240082956D /* hi */,
				683D5B8B1F1EE89C0019ED0E /* el */,
			);
			name = LaunchScreen.storyboard;
			sourceTree = "<group>";
		};
/* End PBXVariantGroup section */

/* Begin XCBuildConfiguration section */
		70CD20841E6479A900AF619F /* Debug */ = {
			isa = XCBuildConfiguration;
			buildSettings = {
				ALWAYS_SEARCH_USER_PATHS = NO;
				CLANG_ANALYZER_LOCALIZABILITY_NONLOCALIZED = YES;
				CLANG_ANALYZER_NONNULL = YES;
				CLANG_CXX_LANGUAGE_STANDARD = "gnu++0x";
				CLANG_CXX_LIBRARY = "libc++";
				CLANG_ENABLE_MODULES = YES;
				CLANG_ENABLE_OBJC_ARC = YES;
				CLANG_WARN_BOOL_CONVERSION = YES;
				CLANG_WARN_CONSTANT_CONVERSION = YES;
				CLANG_WARN_DIRECT_OBJC_ISA_USAGE = YES_ERROR;
				CLANG_WARN_DOCUMENTATION_COMMENTS = YES;
				CLANG_WARN_EMPTY_BODY = YES;
				CLANG_WARN_ENUM_CONVERSION = YES;
				CLANG_WARN_INFINITE_RECURSION = YES;
				CLANG_WARN_INT_CONVERSION = YES;
				CLANG_WARN_OBJC_ROOT_CLASS = YES_ERROR;
				CLANG_WARN_SUSPICIOUS_MOVE = YES;
				CLANG_WARN_SUSPICIOUS_MOVES = YES;
				CLANG_WARN_UNREACHABLE_CODE = YES;
				CLANG_WARN__DUPLICATE_METHOD_MATCH = YES;
				"CODE_SIGN_IDENTITY[sdk=iphoneos*]" = "iPhone Developer";
				COPY_PHASE_STRIP = NO;
				DEBUG_INFORMATION_FORMAT = dwarf;
				ENABLE_STRICT_OBJC_MSGSEND = YES;
				ENABLE_TESTABILITY = YES;
				GCC_C_LANGUAGE_STANDARD = gnu99;
				GCC_DYNAMIC_NO_PIC = NO;
				GCC_NO_COMMON_BLOCKS = YES;
				GCC_OPTIMIZATION_LEVEL = 0;
				GCC_PREPROCESSOR_DEFINITIONS = (
					"DEBUG=1",
					"$(inherited)",
				);
				GCC_WARN_64_TO_32_BIT_CONVERSION = YES;
				GCC_WARN_ABOUT_RETURN_TYPE = YES_ERROR;
				GCC_WARN_UNDECLARED_SELECTOR = YES;
				GCC_WARN_UNINITIALIZED_AUTOS = YES_AGGRESSIVE;
				GCC_WARN_UNUSED_FUNCTION = YES;
				GCC_WARN_UNUSED_VARIABLE = YES;
				IPHONEOS_DEPLOYMENT_TARGET = 10.0;
				MTL_ENABLE_DEBUG_INFO = YES;
				ONLY_ACTIVE_ARCH = YES;
				SDKROOT = iphoneos;
				SWIFT_ACTIVE_COMPILATION_CONDITIONS = DEBUG;
				SWIFT_OPTIMIZATION_LEVEL = "-Onone";
			};
			name = Debug;
		};
		70CD20851E6479A900AF619F /* Release */ = {
			isa = XCBuildConfiguration;
			buildSettings = {
				ALWAYS_SEARCH_USER_PATHS = NO;
				CLANG_ANALYZER_LOCALIZABILITY_NONLOCALIZED = YES;
				CLANG_ANALYZER_NONNULL = YES;
				CLANG_CXX_LANGUAGE_STANDARD = "gnu++0x";
				CLANG_CXX_LIBRARY = "libc++";
				CLANG_ENABLE_MODULES = YES;
				CLANG_ENABLE_OBJC_ARC = YES;
				CLANG_WARN_BOOL_CONVERSION = YES;
				CLANG_WARN_CONSTANT_CONVERSION = YES;
				CLANG_WARN_DIRECT_OBJC_ISA_USAGE = YES_ERROR;
				CLANG_WARN_DOCUMENTATION_COMMENTS = YES;
				CLANG_WARN_EMPTY_BODY = YES;
				CLANG_WARN_ENUM_CONVERSION = YES;
				CLANG_WARN_INFINITE_RECURSION = YES;
				CLANG_WARN_INT_CONVERSION = YES;
				CLANG_WARN_OBJC_ROOT_CLASS = YES_ERROR;
				CLANG_WARN_SUSPICIOUS_MOVE = YES;
				CLANG_WARN_SUSPICIOUS_MOVES = YES;
				CLANG_WARN_UNREACHABLE_CODE = YES;
				CLANG_WARN__DUPLICATE_METHOD_MATCH = YES;
				"CODE_SIGN_IDENTITY[sdk=iphoneos*]" = "iPhone Developer";
				COPY_PHASE_STRIP = NO;
				DEBUG_INFORMATION_FORMAT = "dwarf-with-dsym";
				ENABLE_NS_ASSERTIONS = NO;
				ENABLE_STRICT_OBJC_MSGSEND = YES;
				GCC_C_LANGUAGE_STANDARD = gnu99;
				GCC_NO_COMMON_BLOCKS = YES;
				GCC_WARN_64_TO_32_BIT_CONVERSION = YES;
				GCC_WARN_ABOUT_RETURN_TYPE = YES_ERROR;
				GCC_WARN_UNDECLARED_SELECTOR = YES;
				GCC_WARN_UNINITIALIZED_AUTOS = YES_AGGRESSIVE;
				GCC_WARN_UNUSED_FUNCTION = YES;
				GCC_WARN_UNUSED_VARIABLE = YES;
				IPHONEOS_DEPLOYMENT_TARGET = 10.0;
				MTL_ENABLE_DEBUG_INFO = NO;
				SDKROOT = iphoneos;
				SWIFT_OPTIMIZATION_LEVEL = "-Owholemodule";
				VALIDATE_PRODUCT = YES;
			};
			name = Release;
		};
		70CD20871E6479A900AF619F /* Debug */ = {
			isa = XCBuildConfiguration;
			baseConfigurationReference = 8731013F9F382E28E02DF104 /* Pods-KJVRVG.debug.xcconfig */;
			buildSettings = {
				ASSETCATALOG_COMPILER_APPICON_NAME = AppIcon;
				CLANG_ENABLE_MODULES = YES;
				CODE_SIGN_IDENTITY = "iPhone Distribution: Collin Schneide (AW22Z53SAJ)";
				"CODE_SIGN_IDENTITY[sdk=iphoneos*]" = "iPhone Developer";
				DEVELOPMENT_TEAM = AW22Z53SAJ;
				INFOPLIST_FILE = RVG/Info.plist;
				LD_RUNPATH_SEARCH_PATHS = "$(inherited) @executable_path/Frameworks";
				PRODUCT_BUNDLE_IDENTIFIER = "com.kjvrvg.kjvrvg-ios";
				PRODUCT_NAME = "$(TARGET_NAME)";
				PROVISIONING_PROFILE = "";
				PROVISIONING_PROFILE_SPECIFIER = "";
				SWIFT_OBJC_BRIDGING_HEADER = "RVG/RVG-Bridging-Header.h";
				SWIFT_OPTIMIZATION_LEVEL = "-Onone";
				SWIFT_VERSION = 3.0;
				TARGETED_DEVICE_FAMILY = 1;
			};
			name = Debug;
		};
		70CD20881E6479A900AF619F /* Release */ = {
			isa = XCBuildConfiguration;
			baseConfigurationReference = F7107FE8D01A02FBD84C45CD /* Pods-KJVRVG.release.xcconfig */;
			buildSettings = {
				ASSETCATALOG_COMPILER_APPICON_NAME = AppIcon;
				CLANG_ENABLE_MODULES = YES;
				CODE_SIGN_IDENTITY = "iPhone Distribution: Collin Schneide (AW22Z53SAJ)";
				"CODE_SIGN_IDENTITY[sdk=iphoneos*]" = "iPhone Developer";
				DEVELOPMENT_TEAM = AW22Z53SAJ;
				INFOPLIST_FILE = RVG/Info.plist;
				LD_RUNPATH_SEARCH_PATHS = "$(inherited) @executable_path/Frameworks";
				PRODUCT_BUNDLE_IDENTIFIER = "com.kjvrvg.kjvrvg-ios";
				PRODUCT_NAME = "$(TARGET_NAME)";
				PROVISIONING_PROFILE = "";
				PROVISIONING_PROFILE_SPECIFIER = "";
				SWIFT_OBJC_BRIDGING_HEADER = "RVG/RVG-Bridging-Header.h";
				SWIFT_VERSION = 3.0;
				TARGETED_DEVICE_FAMILY = 1;
			};
			name = Release;
		};
		70CD208A1E6479A900AF619F /* Debug */ = {
			isa = XCBuildConfiguration;
			baseConfigurationReference = AF36FF2BC753A1E5EDF5D392 /* Pods-RVGTests.debug.xcconfig */;
			buildSettings = {
				ALWAYS_EMBED_SWIFT_STANDARD_LIBRARIES = YES;
				BUNDLE_LOADER = "$(TEST_HOST)";
				INFOPLIST_FILE = RVGTests/Info.plist;
				LD_RUNPATH_SEARCH_PATHS = "$(inherited) @executable_path/Frameworks @loader_path/Frameworks";
				PRODUCT_BUNDLE_IDENTIFIER = com.charan.RVGTests;
				PRODUCT_NAME = "$(TARGET_NAME)";
				SWIFT_VERSION = 3.0;
				TEST_HOST = "$(BUILT_PRODUCTS_DIR)/RVG.app/RVG";
			};
			name = Debug;
		};
		70CD208B1E6479A900AF619F /* Release */ = {
			isa = XCBuildConfiguration;
			baseConfigurationReference = 5A833608D6B0C40C7B99434A /* Pods-RVGTests.release.xcconfig */;
			buildSettings = {
				ALWAYS_EMBED_SWIFT_STANDARD_LIBRARIES = YES;
				BUNDLE_LOADER = "$(TEST_HOST)";
				INFOPLIST_FILE = RVGTests/Info.plist;
				LD_RUNPATH_SEARCH_PATHS = "$(inherited) @executable_path/Frameworks @loader_path/Frameworks";
				PRODUCT_BUNDLE_IDENTIFIER = com.charan.RVGTests;
				PRODUCT_NAME = "$(TARGET_NAME)";
				SWIFT_VERSION = 3.0;
				TEST_HOST = "$(BUILT_PRODUCTS_DIR)/RVG.app/RVG";
			};
			name = Release;
		};
		70CD208D1E6479A900AF619F /* Debug */ = {
			isa = XCBuildConfiguration;
			baseConfigurationReference = 39B61A28AC305D4A3BE4704D /* Pods-RVGUITests.debug.xcconfig */;
			buildSettings = {
				ALWAYS_EMBED_SWIFT_STANDARD_LIBRARIES = YES;
				INFOPLIST_FILE = RVGUITests/Info.plist;
				LD_RUNPATH_SEARCH_PATHS = "$(inherited) @executable_path/Frameworks @loader_path/Frameworks";
				PRODUCT_BUNDLE_IDENTIFIER = com.charan.RVGUITests;
				PRODUCT_NAME = "$(TARGET_NAME)";
				SWIFT_VERSION = 3.0;
				TEST_TARGET_NAME = RVG;
			};
			name = Debug;
		};
		70CD208E1E6479A900AF619F /* Release */ = {
			isa = XCBuildConfiguration;
			baseConfigurationReference = 704CCFB68F067F176F09CA37 /* Pods-RVGUITests.release.xcconfig */;
			buildSettings = {
				ALWAYS_EMBED_SWIFT_STANDARD_LIBRARIES = YES;
				INFOPLIST_FILE = RVGUITests/Info.plist;
				LD_RUNPATH_SEARCH_PATHS = "$(inherited) @executable_path/Frameworks @loader_path/Frameworks";
				PRODUCT_BUNDLE_IDENTIFIER = com.charan.RVGUITests;
				PRODUCT_NAME = "$(TARGET_NAME)";
				SWIFT_VERSION = 3.0;
				TEST_TARGET_NAME = RVG;
			};
			name = Release;
		};
/* End XCBuildConfiguration section */

/* Begin XCConfigurationList section */
		70CD20591E6479A800AF619F /* Build configuration list for PBXProject "RVG" */ = {
			isa = XCConfigurationList;
			buildConfigurations = (
				70CD20841E6479A900AF619F /* Debug */,
				70CD20851E6479A900AF619F /* Release */,
			);
			defaultConfigurationIsVisible = 0;
			defaultConfigurationName = Release;
		};
		70CD20861E6479A900AF619F /* Build configuration list for PBXNativeTarget "KJVRVG" */ = {
			isa = XCConfigurationList;
			buildConfigurations = (
				70CD20871E6479A900AF619F /* Debug */,
				70CD20881E6479A900AF619F /* Release */,
			);
			defaultConfigurationIsVisible = 0;
			defaultConfigurationName = Release;
		};
		70CD20891E6479A900AF619F /* Build configuration list for PBXNativeTarget "RVGTests" */ = {
			isa = XCConfigurationList;
			buildConfigurations = (
				70CD208A1E6479A900AF619F /* Debug */,
				70CD208B1E6479A900AF619F /* Release */,
			);
			defaultConfigurationIsVisible = 0;
			defaultConfigurationName = Release;
		};
		70CD208C1E6479A900AF619F /* Build configuration list for PBXNativeTarget "RVGUITests" */ = {
			isa = XCConfigurationList;
			buildConfigurations = (
				70CD208D1E6479A900AF619F /* Debug */,
				70CD208E1E6479A900AF619F /* Release */,
			);
			defaultConfigurationIsVisible = 0;
			defaultConfigurationName = Release;
		};
/* End XCConfigurationList section */
	};
	rootObject = 70CD20561E6479A800AF619F /* Project object */;
}
